// !$*UTF8*$!
{
	archiveVersion = 1;
	classes = {
	};
	objectVersion = 48;
	objects = {

/* Begin PBXBuildFile section */
		01157B741FF071CC00122CF6 /* TabBarViewController.swift in Sources */ = {isa = PBXBuildFile; fileRef = 01157B731FF071CC00122CF6 /* TabBarViewController.swift */; };
		013AB13B1FED803C004EFC23 /* HomeViewController.swift in Sources */ = {isa = PBXBuildFile; fileRef = 013AB13A1FED803C004EFC23 /* HomeViewController.swift */; };
		013AB13D1FEDDADC004EFC23 /* StoryItemTableViewCell.swift in Sources */ = {isa = PBXBuildFile; fileRef = 013AB13C1FEDDADC004EFC23 /* StoryItemTableViewCell.swift */; };
		013AB13F1FEDE47B004EFC23 /* StoryItemViewController.swift in Sources */ = {isa = PBXBuildFile; fileRef = 013AB13E1FEDE47B004EFC23 /* StoryItemViewController.swift */; };
		014138A31FFF0AA200A549D5 /* Extensions.swift in Sources */ = {isa = PBXBuildFile; fileRef = 014138A21FFF0AA200A549D5 /* Extensions.swift */; };
		014E06271FE98D0800110CC3 /* OmekaCollection.swift in Sources */ = {isa = PBXBuildFile; fileRef = 014E06261FE98D0800110CC3 /* OmekaCollection.swift */; };
		014E062B1FE9A0DF00110CC3 /* StoriesTableViewCell.swift in Sources */ = {isa = PBXBuildFile; fileRef = 014E062A1FE9A0DF00110CC3 /* StoriesTableViewCell.swift */; };
		014FB9EE1FF595E10070055B /* AboutView.xib in Resources */ = {isa = PBXBuildFile; fileRef = 014FB9ED1FF595E10070055B /* AboutView.xib */; };
		015F2C51201CF1C20014E726 /* GMUDefaultClusterIconGenerator.m in Sources */ = {isa = PBXBuildFile; fileRef = 015F2C50201CF1C20014E726 /* GMUDefaultClusterIconGenerator.m */; };
		016C17871FE8745C007CEFC7 /* StoryItemDetails.swift in Sources */ = {isa = PBXBuildFile; fileRef = 016C17861FE8745C007CEFC7 /* StoryItemDetails.swift */; };
		016EB29D1FEADFCA008E4512 /* LoadingScreenViewController.swift in Sources */ = {isa = PBXBuildFile; fileRef = 016EB29C1FEADFCA008E4512 /* LoadingScreenViewController.swift */; };
		016EB2A11FEAE210008E4512 /* FloodViewController.swift in Sources */ = {isa = PBXBuildFile; fileRef = 016EB2A01FEAE210008E4512 /* FloodViewController.swift */; };
		016EB2A31FEC3608008E4512 /* AppSettings.swift in Sources */ = {isa = PBXBuildFile; fileRef = 016EB2A21FEC3608008E4512 /* AppSettings.swift */; };
		0178CDF81FE84EA70098D886 /* CustomMapMarker.swift in Sources */ = {isa = PBXBuildFile; fileRef = 0178CDF71FE84EA70098D886 /* CustomMapMarker.swift */; };
		01957EC5201BFD4500CAF4C9 /* LICENSE in Resources */ = {isa = PBXBuildFile; fileRef = 01957E61201BFD4500CAF4C9 /* LICENSE */; };
		01957EC6201BFD4500CAF4C9 /* README.md in Resources */ = {isa = PBXBuildFile; fileRef = 01957E62201BFD4500CAF4C9 /* README.md */; };
		01957EC7201BFD4500CAF4C9 /* GMUGridBasedClusterAlgorithm.m in Sources */ = {isa = PBXBuildFile; fileRef = 01957E68201BFD4500CAF4C9 /* GMUGridBasedClusterAlgorithm.m */; };
		01957EC8201BFD4500CAF4C9 /* GMUNonHierarchicalDistanceBasedAlgorithm.m in Sources */ = {isa = PBXBuildFile; fileRef = 01957E6A201BFD4500CAF4C9 /* GMUNonHierarchicalDistanceBasedAlgorithm.m */; };
		01957EC9201BFD4500CAF4C9 /* GMUSimpleClusterAlgorithm.m in Sources */ = {isa = PBXBuildFile; fileRef = 01957E6C201BFD4500CAF4C9 /* GMUSimpleClusterAlgorithm.m */; };
		01957ECA201BFD4500CAF4C9 /* GMUWrappingDictionaryKey.m in Sources */ = {isa = PBXBuildFile; fileRef = 01957E6E201BFD4500CAF4C9 /* GMUWrappingDictionaryKey.m */; };
		01957ECB201BFD4500CAF4C9 /* GMUClusterManager.m in Sources */ = {isa = PBXBuildFile; fileRef = 01957E73201BFD4500CAF4C9 /* GMUClusterManager.m */; };
		01957ECC201BFD4500CAF4C9 /* GMUStaticCluster.m in Sources */ = {isa = PBXBuildFile; fileRef = 01957E76201BFD4500CAF4C9 /* GMUStaticCluster.m */; };
		01957ECE201BFD4500CAF4C9 /* GMUDefaultClusterRenderer.m in Sources */ = {isa = PBXBuildFile; fileRef = 01957E7F201BFD4500CAF4C9 /* GMUDefaultClusterRenderer.m */; };
		01957ED0201BFD4500CAF4C9 /* GMUGeoJSONParser.m in Sources */ = {isa = PBXBuildFile; fileRef = 01957E83201BFD4500CAF4C9 /* GMUGeoJSONParser.m */; };
		01957ED1201BFD4500CAF4C9 /* GMUGeometryRenderer.m in Sources */ = {isa = PBXBuildFile; fileRef = 01957E88201BFD4500CAF4C9 /* GMUGeometryRenderer.m */; };
		01957ED2201BFD4500CAF4C9 /* GMUKMLParser.m in Sources */ = {isa = PBXBuildFile; fileRef = 01957E8B201BFD4500CAF4C9 /* GMUKMLParser.m */; };
		01957ED4201BFD4500CAF4C9 /* GMUFeature.m in Sources */ = {isa = PBXBuildFile; fileRef = 01957E90201BFD4500CAF4C9 /* GMUFeature.m */; };
		01957ED5201BFD4500CAF4C9 /* GMUGeometryCollection.m in Sources */ = {isa = PBXBuildFile; fileRef = 01957E95201BFD4500CAF4C9 /* GMUGeometryCollection.m */; };
		01957ED7201BFD4500CAF4C9 /* GMUGroundOverlay.m in Sources */ = {isa = PBXBuildFile; fileRef = 01957E9B201BFD4500CAF4C9 /* GMUGroundOverlay.m */; };
		01957ED9201BFD4500CAF4C9 /* GMULineString.m in Sources */ = {isa = PBXBuildFile; fileRef = 01957E9F201BFD4500CAF4C9 /* GMULineString.m */; };
		01957EDB201BFD4500CAF4C9 /* GMUPlacemark.m in Sources */ = {isa = PBXBuildFile; fileRef = 01957EA3201BFD4500CAF4C9 /* GMUPlacemark.m */; };
		01957EDD201BFD4500CAF4C9 /* GMUPoint.m in Sources */ = {isa = PBXBuildFile; fileRef = 01957EA6201BFD4500CAF4C9 /* GMUPoint.m */; };
		01957EDF201BFD4500CAF4C9 /* GMUPolygon.m in Sources */ = {isa = PBXBuildFile; fileRef = 01957EAA201BFD4500CAF4C9 /* GMUPolygon.m */; };
		01957EE1201BFD4500CAF4C9 /* GMUStyle.m in Sources */ = {isa = PBXBuildFile; fileRef = 01957EAE201BFD4500CAF4C9 /* GMUStyle.m */; };
		01957EE2201BFD4500CAF4C9 /* GMUGradient.m in Sources */ = {isa = PBXBuildFile; fileRef = 01957EB1201BFD4500CAF4C9 /* GMUGradient.m */; };
		01957EE3201BFD4500CAF4C9 /* GMUHeatmapTileLayer.m in Sources */ = {isa = PBXBuildFile; fileRef = 01957EB3201BFD4500CAF4C9 /* GMUHeatmapTileLayer.m */; };
		01957EE4201BFD4500CAF4C9 /* GMUWeightedLatLng.m in Sources */ = {isa = PBXBuildFile; fileRef = 01957EB5201BFD4500CAF4C9 /* GMUWeightedLatLng.m */; };
		01957EE6201BFD4500CAF4C9 /* GQTPointQuadTree.m in Sources */ = {isa = PBXBuildFile; fileRef = 01957EBE201BFD4500CAF4C9 /* GQTPointQuadTree.m */; };
		01957EE8201BFD4500CAF4C9 /* GQTPointQuadTreeChild.m in Sources */ = {isa = PBXBuildFile; fileRef = 01957EC2201BFD4500CAF4C9 /* GQTPointQuadTreeChild.m */; };
		01A0C3101FF57EDD006DFE30 /* AboutViewController.swift in Sources */ = {isa = PBXBuildFile; fileRef = 01A0C30F1FF57EDD006DFE30 /* AboutViewController.swift */; };
		01A3B0CD1FE848890036B6D1 /* AppDelegate.swift in Sources */ = {isa = PBXBuildFile; fileRef = 01A3B0CC1FE848890036B6D1 /* AppDelegate.swift */; };
		01A3B0CF1FE848890036B6D1 /* MapViewController.swift in Sources */ = {isa = PBXBuildFile; fileRef = 01A3B0CE1FE848890036B6D1 /* MapViewController.swift */; };
		01A3B0D11FE848890036B6D1 /* StoriesViewController.swift in Sources */ = {isa = PBXBuildFile; fileRef = 01A3B0D01FE848890036B6D1 /* StoriesViewController.swift */; };
		01A3B0D41FE848890036B6D1 /* Main.storyboard in Resources */ = {isa = PBXBuildFile; fileRef = 01A3B0D21FE848890036B6D1 /* Main.storyboard */; };
		01A3B0D61FE848890036B6D1 /* Assets.xcassets in Resources */ = {isa = PBXBuildFile; fileRef = 01A3B0D51FE848890036B6D1 /* Assets.xcassets */; };
		01A3B0D91FE848890036B6D1 /* LaunchScreen.storyboard in Resources */ = {isa = PBXBuildFile; fileRef = 01A3B0D71FE848890036B6D1 /* LaunchScreen.storyboard */; };
		01A3B0E41FE848890036B6D1 /* FloodExplorerTests.swift in Sources */ = {isa = PBXBuildFile; fileRef = 01A3B0E31FE848890036B6D1 /* FloodExplorerTests.swift */; };
		01A3B0EF1FE848890036B6D1 /* FloodExplorerUITests.swift in Sources */ = {isa = PBXBuildFile; fileRef = 01A3B0EE1FE848890036B6D1 /* FloodExplorerUITests.swift */; };
		01B0467F1FE9AD0F0029CD1B /* StoryTabViewController.swift in Sources */ = {isa = PBXBuildFile; fileRef = 01B0467E1FE9AD0F0029CD1B /* StoryTabViewController.swift */; };
		01B046821FE9B5BD0029CD1B /* StoryViewController.swift in Sources */ = {isa = PBXBuildFile; fileRef = 01B046811FE9B5BD0029CD1B /* StoryViewController.swift */; };
		01B046841FE9B5CD0029CD1B /* StoryImagesViewController.swift in Sources */ = {isa = PBXBuildFile; fileRef = 01B046831FE9B5CD0029CD1B /* StoryImagesViewController.swift */; };
		01B046861FE9B5E40029CD1B /* StoryMapViewController.swift in Sources */ = {isa = PBXBuildFile; fileRef = 01B046851FE9B5E40029CD1B /* StoryMapViewController.swift */; };
		01CA1844201BFEA600FDF6A7 /* MapInfoWindow.swift in Sources */ = {isa = PBXBuildFile; fileRef = 01CA1843201BFEA600FDF6A7 /* MapInfoWindow.swift */; };
		01CA1846201BFF0E00FDF6A7 /* MapInfoWindowView.xib in Resources */ = {isa = PBXBuildFile; fileRef = 01CA1845201BFF0E00FDF6A7 /* MapInfoWindowView.xib */; };
		1024C3CCA2CFB96D69AF0134 /* Pods_FloodExplorerTests.framework in Frameworks */ = {isa = PBXBuildFile; fileRef = 55DA1F6E955B67CA8FA621E7 /* Pods_FloodExplorerTests.framework */; };
		4666A7E7B9BE5558D3B4F369 /* Pods_FloodExplorerUITests.framework in Frameworks */ = {isa = PBXBuildFile; fileRef = CB4CE2CF9C1430590B5B9ECA /* Pods_FloodExplorerUITests.framework */; };
		E904B151649E41F2DBBB2BF0 /* Pods_FloodExplorer.framework in Frameworks */ = {isa = PBXBuildFile; fileRef = E982AB4111AB51FBD122F694 /* Pods_FloodExplorer.framework */; };
/* End PBXBuildFile section */

/* Begin PBXContainerItemProxy section */
		01A3B0E01FE848890036B6D1 /* PBXContainerItemProxy */ = {
			isa = PBXContainerItemProxy;
			containerPortal = 01A3B0C11FE848890036B6D1 /* Project object */;
			proxyType = 1;
			remoteGlobalIDString = 01A3B0C81FE848890036B6D1;
			remoteInfo = FloodExplorer;
		};
		01A3B0EB1FE848890036B6D1 /* PBXContainerItemProxy */ = {
			isa = PBXContainerItemProxy;
			containerPortal = 01A3B0C11FE848890036B6D1 /* Project object */;
			proxyType = 1;
			remoteGlobalIDString = 01A3B0C81FE848890036B6D1;
			remoteInfo = FloodExplorer;
		};
/* End PBXContainerItemProxy section */

/* Begin PBXFileReference section */
		01157B731FF071CC00122CF6 /* TabBarViewController.swift */ = {isa = PBXFileReference; lastKnownFileType = sourcecode.swift; path = TabBarViewController.swift; sourceTree = "<group>"; };
		013AB13A1FED803C004EFC23 /* HomeViewController.swift */ = {isa = PBXFileReference; lastKnownFileType = sourcecode.swift; path = HomeViewController.swift; sourceTree = "<group>"; };
		013AB13C1FEDDADC004EFC23 /* StoryItemTableViewCell.swift */ = {isa = PBXFileReference; lastKnownFileType = sourcecode.swift; path = StoryItemTableViewCell.swift; sourceTree = "<group>"; };
		013AB13E1FEDE47B004EFC23 /* StoryItemViewController.swift */ = {isa = PBXFileReference; lastKnownFileType = sourcecode.swift; path = StoryItemViewController.swift; sourceTree = "<group>"; };
		014138A21FFF0AA200A549D5 /* Extensions.swift */ = {isa = PBXFileReference; lastKnownFileType = sourcecode.swift; path = Extensions.swift; sourceTree = "<group>"; };
		014E06261FE98D0800110CC3 /* OmekaCollection.swift */ = {isa = PBXFileReference; lastKnownFileType = sourcecode.swift; path = OmekaCollection.swift; sourceTree = "<group>"; };
		014E062A1FE9A0DF00110CC3 /* StoriesTableViewCell.swift */ = {isa = PBXFileReference; lastKnownFileType = sourcecode.swift; path = StoriesTableViewCell.swift; sourceTree = "<group>"; };
		014FB9ED1FF595E10070055B /* AboutView.xib */ = {isa = PBXFileReference; lastKnownFileType = file.xib; path = AboutView.xib; sourceTree = "<group>"; };
		015F2C50201CF1C20014E726 /* GMUDefaultClusterIconGenerator.m */ = {isa = PBXFileReference; fileEncoding = 4; lastKnownFileType = sourcecode.c.objc; path = GMUDefaultClusterIconGenerator.m; sourceTree = "<group>"; };
		016C17261FE8521E007CEFC7 /* FloodExplorer-Bridging-Header.h */ = {isa = PBXFileReference; lastKnownFileType = sourcecode.c.h; path = "FloodExplorer-Bridging-Header.h"; sourceTree = "<group>"; };
		016C17861FE8745C007CEFC7 /* StoryItemDetails.swift */ = {isa = PBXFileReference; lastKnownFileType = sourcecode.swift; path = StoryItemDetails.swift; sourceTree = "<group>"; };
		016EB29C1FEADFCA008E4512 /* LoadingScreenViewController.swift */ = {isa = PBXFileReference; lastKnownFileType = sourcecode.swift; path = LoadingScreenViewController.swift; sourceTree = "<group>"; };
		016EB2A01FEAE210008E4512 /* FloodViewController.swift */ = {isa = PBXFileReference; lastKnownFileType = sourcecode.swift; path = FloodViewController.swift; sourceTree = "<group>"; };
		016EB2A21FEC3608008E4512 /* AppSettings.swift */ = {isa = PBXFileReference; lastKnownFileType = sourcecode.swift; path = AppSettings.swift; sourceTree = "<group>"; };
		0178CDF71FE84EA70098D886 /* CustomMapMarker.swift */ = {isa = PBXFileReference; lastKnownFileType = sourcecode.swift; path = CustomMapMarker.swift; sourceTree = "<group>"; };
		01957E61201BFD4500CAF4C9 /* LICENSE */ = {isa = PBXFileReference; fileEncoding = 4; lastKnownFileType = text; path = LICENSE; sourceTree = "<group>"; };
		01957E62201BFD4500CAF4C9 /* README.md */ = {isa = PBXFileReference; fileEncoding = 4; lastKnownFileType = net.daringfireball.markdown; path = README.md; sourceTree = "<group>"; };
		01957E66201BFD4500CAF4C9 /* GMUClusterAlgorithm.h */ = {isa = PBXFileReference; fileEncoding = 4; lastKnownFileType = sourcecode.c.h; path = GMUClusterAlgorithm.h; sourceTree = "<group>"; };
		01957E67201BFD4500CAF4C9 /* GMUGridBasedClusterAlgorithm.h */ = {isa = PBXFileReference; fileEncoding = 4; lastKnownFileType = sourcecode.c.h; path = GMUGridBasedClusterAlgorithm.h; sourceTree = "<group>"; };
		01957E68201BFD4500CAF4C9 /* GMUGridBasedClusterAlgorithm.m */ = {isa = PBXFileReference; fileEncoding = 4; lastKnownFileType = sourcecode.c.objc; path = GMUGridBasedClusterAlgorithm.m; sourceTree = "<group>"; };
		01957E69201BFD4500CAF4C9 /* GMUNonHierarchicalDistanceBasedAlgorithm.h */ = {isa = PBXFileReference; fileEncoding = 4; lastKnownFileType = sourcecode.c.h; path = GMUNonHierarchicalDistanceBasedAlgorithm.h; sourceTree = "<group>"; };
		01957E6A201BFD4500CAF4C9 /* GMUNonHierarchicalDistanceBasedAlgorithm.m */ = {isa = PBXFileReference; fileEncoding = 4; lastKnownFileType = sourcecode.c.objc; path = GMUNonHierarchicalDistanceBasedAlgorithm.m; sourceTree = "<group>"; };
		01957E6B201BFD4500CAF4C9 /* GMUSimpleClusterAlgorithm.h */ = {isa = PBXFileReference; fileEncoding = 4; lastKnownFileType = sourcecode.c.h; path = GMUSimpleClusterAlgorithm.h; sourceTree = "<group>"; };
		01957E6C201BFD4500CAF4C9 /* GMUSimpleClusterAlgorithm.m */ = {isa = PBXFileReference; fileEncoding = 4; lastKnownFileType = sourcecode.c.objc; path = GMUSimpleClusterAlgorithm.m; sourceTree = "<group>"; };
		01957E6D201BFD4500CAF4C9 /* GMUWrappingDictionaryKey.h */ = {isa = PBXFileReference; fileEncoding = 4; lastKnownFileType = sourcecode.c.h; path = GMUWrappingDictionaryKey.h; sourceTree = "<group>"; };
		01957E6E201BFD4500CAF4C9 /* GMUWrappingDictionaryKey.m */ = {isa = PBXFileReference; fileEncoding = 4; lastKnownFileType = sourcecode.c.objc; path = GMUWrappingDictionaryKey.m; sourceTree = "<group>"; };
		01957E6F201BFD4500CAF4C9 /* GMUCluster.h */ = {isa = PBXFileReference; fileEncoding = 4; lastKnownFileType = sourcecode.c.h; path = GMUCluster.h; sourceTree = "<group>"; };
		01957E70201BFD4500CAF4C9 /* GMUClusterItem.h */ = {isa = PBXFileReference; fileEncoding = 4; lastKnownFileType = sourcecode.c.h; path = GMUClusterItem.h; sourceTree = "<group>"; };
		01957E71201BFD4500CAF4C9 /* GMUClusterManager+Testing.h */ = {isa = PBXFileReference; fileEncoding = 4; lastKnownFileType = sourcecode.c.h; path = "GMUClusterManager+Testing.h"; sourceTree = "<group>"; };
		01957E72201BFD4500CAF4C9 /* GMUClusterManager.h */ = {isa = PBXFileReference; fileEncoding = 4; lastKnownFileType = sourcecode.c.h; path = GMUClusterManager.h; sourceTree = "<group>"; };
		01957E73201BFD4500CAF4C9 /* GMUClusterManager.m */ = {isa = PBXFileReference; fileEncoding = 4; lastKnownFileType = sourcecode.c.objc; path = GMUClusterManager.m; sourceTree = "<group>"; };
		01957E74201BFD4500CAF4C9 /* GMUMarkerClustering.h */ = {isa = PBXFileReference; fileEncoding = 4; lastKnownFileType = sourcecode.c.h; path = GMUMarkerClustering.h; sourceTree = "<group>"; };
		01957E75201BFD4500CAF4C9 /* GMUStaticCluster.h */ = {isa = PBXFileReference; fileEncoding = 4; lastKnownFileType = sourcecode.c.h; path = GMUStaticCluster.h; sourceTree = "<group>"; };
		01957E76201BFD4500CAF4C9 /* GMUStaticCluster.m */ = {isa = PBXFileReference; fileEncoding = 4; lastKnownFileType = sourcecode.c.objc; path = GMUStaticCluster.m; sourceTree = "<group>"; };
		01957E78201BFD4500CAF4C9 /* GMUClusterIconGenerator.h */ = {isa = PBXFileReference; fileEncoding = 4; lastKnownFileType = sourcecode.c.h; path = GMUClusterIconGenerator.h; sourceTree = "<group>"; };
		01957E79201BFD4500CAF4C9 /* GMUClusterRenderer.h */ = {isa = PBXFileReference; fileEncoding = 4; lastKnownFileType = sourcecode.c.h; path = GMUClusterRenderer.h; sourceTree = "<group>"; };
		01957E7A201BFD4500CAF4C9 /* GMUDefaultClusterIconGenerator+Testing.h */ = {isa = PBXFileReference; fileEncoding = 4; lastKnownFileType = sourcecode.c.h; path = "GMUDefaultClusterIconGenerator+Testing.h"; sourceTree = "<group>"; };
		01957E7B201BFD4500CAF4C9 /* GMUDefaultClusterIconGenerator.h */ = {isa = PBXFileReference; fileEncoding = 4; lastKnownFileType = sourcecode.c.h; path = GMUDefaultClusterIconGenerator.h; sourceTree = "<group>"; };
		01957E7D201BFD4500CAF4C9 /* GMUDefaultClusterRenderer+Testing.h */ = {isa = PBXFileReference; fileEncoding = 4; lastKnownFileType = sourcecode.c.h; path = "GMUDefaultClusterRenderer+Testing.h"; sourceTree = "<group>"; };
		01957E7E201BFD4500CAF4C9 /* GMUDefaultClusterRenderer.h */ = {isa = PBXFileReference; fileEncoding = 4; lastKnownFileType = sourcecode.c.h; path = GMUDefaultClusterRenderer.h; sourceTree = "<group>"; };
		01957E7F201BFD4500CAF4C9 /* GMUDefaultClusterRenderer.m */ = {isa = PBXFileReference; fileEncoding = 4; lastKnownFileType = sourcecode.c.objc; path = GMUDefaultClusterRenderer.m; sourceTree = "<group>"; };
		01957E81201BFD4500CAF4C9 /* GMUGeoJSONParser 2.m */ = {isa = PBXFileReference; fileEncoding = 4; lastKnownFileType = sourcecode.c.objc; path = "GMUGeoJSONParser 2.m"; sourceTree = "<group>"; };
		01957E82201BFD4500CAF4C9 /* GMUGeoJSONParser.h */ = {isa = PBXFileReference; fileEncoding = 4; lastKnownFileType = sourcecode.c.h; path = GMUGeoJSONParser.h; sourceTree = "<group>"; };
		01957E83201BFD4500CAF4C9 /* GMUGeoJSONParser.m */ = {isa = PBXFileReference; fileEncoding = 4; lastKnownFileType = sourcecode.c.objc; path = GMUGeoJSONParser.m; sourceTree = "<group>"; };
		01957E84201BFD4500CAF4C9 /* GMUGeometryRenderer 2.h */ = {isa = PBXFileReference; fileEncoding = 4; lastKnownFileType = sourcecode.c.h; path = "GMUGeometryRenderer 2.h"; sourceTree = "<group>"; };
		01957E85201BFD4500CAF4C9 /* GMUGeometryRenderer+Testing 2.h */ = {isa = PBXFileReference; fileEncoding = 4; lastKnownFileType = sourcecode.c.h; path = "GMUGeometryRenderer+Testing 2.h"; sourceTree = "<group>"; };
		01957E86201BFD4500CAF4C9 /* GMUGeometryRenderer+Testing.h */ = {isa = PBXFileReference; fileEncoding = 4; lastKnownFileType = sourcecode.c.h; path = "GMUGeometryRenderer+Testing.h"; sourceTree = "<group>"; };
		01957E87201BFD4500CAF4C9 /* GMUGeometryRenderer.h */ = {isa = PBXFileReference; fileEncoding = 4; lastKnownFileType = sourcecode.c.h; path = GMUGeometryRenderer.h; sourceTree = "<group>"; };
		01957E88201BFD4500CAF4C9 /* GMUGeometryRenderer.m */ = {isa = PBXFileReference; fileEncoding = 4; lastKnownFileType = sourcecode.c.objc; path = GMUGeometryRenderer.m; sourceTree = "<group>"; };
		01957E89201BFD4500CAF4C9 /* GMUKMLParser 2.h */ = {isa = PBXFileReference; fileEncoding = 4; lastKnownFileType = sourcecode.c.h; path = "GMUKMLParser 2.h"; sourceTree = "<group>"; };
		01957E8A201BFD4500CAF4C9 /* GMUKMLParser.h */ = {isa = PBXFileReference; fileEncoding = 4; lastKnownFileType = sourcecode.c.h; path = GMUKMLParser.h; sourceTree = "<group>"; };
		01957E8B201BFD4500CAF4C9 /* GMUKMLParser.m */ = {isa = PBXFileReference; fileEncoding = 4; lastKnownFileType = sourcecode.c.objc; path = GMUKMLParser.m; sourceTree = "<group>"; };
		01957E8D201BFD4500CAF4C9 /* GMUFeature 2.h */ = {isa = PBXFileReference; fileEncoding = 4; lastKnownFileType = sourcecode.c.h; path = "GMUFeature 2.h"; sourceTree = "<group>"; };
		01957E8E201BFD4500CAF4C9 /* GMUFeature 2.m */ = {isa = PBXFileReference; fileEncoding = 4; lastKnownFileType = sourcecode.c.objc; path = "GMUFeature 2.m"; sourceTree = "<group>"; };
		01957E8F201BFD4500CAF4C9 /* GMUFeature.h */ = {isa = PBXFileReference; fileEncoding = 4; lastKnownFileType = sourcecode.c.h; path = GMUFeature.h; sourceTree = "<group>"; };
		01957E90201BFD4500CAF4C9 /* GMUFeature.m */ = {isa = PBXFileReference; fileEncoding = 4; lastKnownFileType = sourcecode.c.objc; path = GMUFeature.m; sourceTree = "<group>"; };
		01957E91201BFD4500CAF4C9 /* GMUGeometry 2.h */ = {isa = PBXFileReference; fileEncoding = 4; lastKnownFileType = sourcecode.c.h; path = "GMUGeometry 2.h"; sourceTree = "<group>"; };
		01957E92201BFD4500CAF4C9 /* GMUGeometry.h */ = {isa = PBXFileReference; fileEncoding = 4; lastKnownFileType = sourcecode.c.h; path = GMUGeometry.h; sourceTree = "<group>"; };
		01957E93201BFD4500CAF4C9 /* GMUGeometryCollection 2.h */ = {isa = PBXFileReference; fileEncoding = 4; lastKnownFileType = sourcecode.c.h; path = "GMUGeometryCollection 2.h"; sourceTree = "<group>"; };
		01957E94201BFD4500CAF4C9 /* GMUGeometryCollection.h */ = {isa = PBXFileReference; fileEncoding = 4; lastKnownFileType = sourcecode.c.h; path = GMUGeometryCollection.h; sourceTree = "<group>"; };
		01957E95201BFD4500CAF4C9 /* GMUGeometryCollection.m */ = {isa = PBXFileReference; fileEncoding = 4; lastKnownFileType = sourcecode.c.objc; path = GMUGeometryCollection.m; sourceTree = "<group>"; };
		01957E96201BFD4500CAF4C9 /* GMUGeometryContainer 2.h */ = {isa = PBXFileReference; fileEncoding = 4; lastKnownFileType = sourcecode.c.h; path = "GMUGeometryContainer 2.h"; sourceTree = "<group>"; };
		01957E97201BFD4500CAF4C9 /* GMUGeometryContainer.h */ = {isa = PBXFileReference; fileEncoding = 4; lastKnownFileType = sourcecode.c.h; path = GMUGeometryContainer.h; sourceTree = "<group>"; };
		01957E98201BFD4500CAF4C9 /* GMUGroundOverlay 2.h */ = {isa = PBXFileReference; fileEncoding = 4; lastKnownFileType = sourcecode.c.h; path = "GMUGroundOverlay 2.h"; sourceTree = "<group>"; };
		01957E99201BFD4500CAF4C9 /* GMUGroundOverlay 2.m */ = {isa = PBXFileReference; fileEncoding = 4; lastKnownFileType = sourcecode.c.objc; path = "GMUGroundOverlay 2.m"; sourceTree = "<group>"; };
		01957E9A201BFD4500CAF4C9 /* GMUGroundOverlay.h */ = {isa = PBXFileReference; fileEncoding = 4; lastKnownFileType = sourcecode.c.h; path = GMUGroundOverlay.h; sourceTree = "<group>"; };
		01957E9B201BFD4500CAF4C9 /* GMUGroundOverlay.m */ = {isa = PBXFileReference; fileEncoding = 4; lastKnownFileType = sourcecode.c.objc; path = GMUGroundOverlay.m; sourceTree = "<group>"; };
		01957E9C201BFD4500CAF4C9 /* GMULineString 2.h */ = {isa = PBXFileReference; fileEncoding = 4; lastKnownFileType = sourcecode.c.h; path = "GMULineString 2.h"; sourceTree = "<group>"; };
		01957E9D201BFD4500CAF4C9 /* GMULineString 2.m */ = {isa = PBXFileReference; fileEncoding = 4; lastKnownFileType = sourcecode.c.objc; path = "GMULineString 2.m"; sourceTree = "<group>"; };
		01957E9E201BFD4500CAF4C9 /* GMULineString.h */ = {isa = PBXFileReference; fileEncoding = 4; lastKnownFileType = sourcecode.c.h; path = GMULineString.h; sourceTree = "<group>"; };
		01957E9F201BFD4500CAF4C9 /* GMULineString.m */ = {isa = PBXFileReference; fileEncoding = 4; lastKnownFileType = sourcecode.c.objc; path = GMULineString.m; sourceTree = "<group>"; };
		01957EA0201BFD4500CAF4C9 /* GMUPlacemark 2.h */ = {isa = PBXFileReference; fileEncoding = 4; lastKnownFileType = sourcecode.c.h; path = "GMUPlacemark 2.h"; sourceTree = "<group>"; };
		01957EA1201BFD4500CAF4C9 /* GMUPlacemark 2.m */ = {isa = PBXFileReference; fileEncoding = 4; lastKnownFileType = sourcecode.c.objc; path = "GMUPlacemark 2.m"; sourceTree = "<group>"; };
		01957EA2201BFD4500CAF4C9 /* GMUPlacemark.h */ = {isa = PBXFileReference; fileEncoding = 4; lastKnownFileType = sourcecode.c.h; path = GMUPlacemark.h; sourceTree = "<group>"; };
		01957EA3201BFD4500CAF4C9 /* GMUPlacemark.m */ = {isa = PBXFileReference; fileEncoding = 4; lastKnownFileType = sourcecode.c.objc; path = GMUPlacemark.m; sourceTree = "<group>"; };
		01957EA4201BFD4500CAF4C9 /* GMUPoint 2.m */ = {isa = PBXFileReference; fileEncoding = 4; lastKnownFileType = sourcecode.c.objc; path = "GMUPoint 2.m"; sourceTree = "<group>"; };
		01957EA5201BFD4500CAF4C9 /* GMUPoint.h */ = {isa = PBXFileReference; fileEncoding = 4; lastKnownFileType = sourcecode.c.h; path = GMUPoint.h; sourceTree = "<group>"; };
		01957EA6201BFD4500CAF4C9 /* GMUPoint.m */ = {isa = PBXFileReference; fileEncoding = 4; lastKnownFileType = sourcecode.c.objc; path = GMUPoint.m; sourceTree = "<group>"; };
		01957EA7201BFD4500CAF4C9 /* GMUPolygon 2.h */ = {isa = PBXFileReference; fileEncoding = 4; lastKnownFileType = sourcecode.c.h; path = "GMUPolygon 2.h"; sourceTree = "<group>"; };
		01957EA8201BFD4500CAF4C9 /* GMUPolygon 2.m */ = {isa = PBXFileReference; fileEncoding = 4; lastKnownFileType = sourcecode.c.objc; path = "GMUPolygon 2.m"; sourceTree = "<group>"; };
		01957EA9201BFD4500CAF4C9 /* GMUPolygon.h */ = {isa = PBXFileReference; fileEncoding = 4; lastKnownFileType = sourcecode.c.h; path = GMUPolygon.h; sourceTree = "<group>"; };
		01957EAA201BFD4500CAF4C9 /* GMUPolygon.m */ = {isa = PBXFileReference; fileEncoding = 4; lastKnownFileType = sourcecode.c.objc; path = GMUPolygon.m; sourceTree = "<group>"; };
		01957EAB201BFD4500CAF4C9 /* GMUStyle 2.h */ = {isa = PBXFileReference; fileEncoding = 4; lastKnownFileType = sourcecode.c.h; path = "GMUStyle 2.h"; sourceTree = "<group>"; };
		01957EAC201BFD4500CAF4C9 /* GMUStyle 2.m */ = {isa = PBXFileReference; fileEncoding = 4; lastKnownFileType = sourcecode.c.objc; path = "GMUStyle 2.m"; sourceTree = "<group>"; };
		01957EAD201BFD4500CAF4C9 /* GMUStyle.h */ = {isa = PBXFileReference; fileEncoding = 4; lastKnownFileType = sourcecode.c.h; path = GMUStyle.h; sourceTree = "<group>"; };
		01957EAE201BFD4500CAF4C9 /* GMUStyle.m */ = {isa = PBXFileReference; fileEncoding = 4; lastKnownFileType = sourcecode.c.objc; path = GMUStyle.m; sourceTree = "<group>"; };
		01957EB0201BFD4500CAF4C9 /* GMUGradient.h */ = {isa = PBXFileReference; fileEncoding = 4; lastKnownFileType = sourcecode.c.h; path = GMUGradient.h; sourceTree = "<group>"; };
		01957EB1201BFD4500CAF4C9 /* GMUGradient.m */ = {isa = PBXFileReference; fileEncoding = 4; lastKnownFileType = sourcecode.c.objc; path = GMUGradient.m; sourceTree = "<group>"; };
		01957EB2201BFD4500CAF4C9 /* GMUHeatmapTileLayer.h */ = {isa = PBXFileReference; fileEncoding = 4; lastKnownFileType = sourcecode.c.h; path = GMUHeatmapTileLayer.h; sourceTree = "<group>"; };
		01957EB3201BFD4500CAF4C9 /* GMUHeatmapTileLayer.m */ = {isa = PBXFileReference; fileEncoding = 4; lastKnownFileType = sourcecode.c.objc; path = GMUHeatmapTileLayer.m; sourceTree = "<group>"; };
		01957EB4201BFD4500CAF4C9 /* GMUWeightedLatLng.h */ = {isa = PBXFileReference; fileEncoding = 4; lastKnownFileType = sourcecode.c.h; path = GMUWeightedLatLng.h; sourceTree = "<group>"; };
		01957EB5201BFD4500CAF4C9 /* GMUWeightedLatLng.m */ = {isa = PBXFileReference; fileEncoding = 4; lastKnownFileType = sourcecode.c.objc; path = GMUWeightedLatLng.m; sourceTree = "<group>"; };
		01957EB7201BFD4500CAF4C9 /* GQTBounds 2.h */ = {isa = PBXFileReference; fileEncoding = 4; lastKnownFileType = sourcecode.c.h; path = "GQTBounds 2.h"; sourceTree = "<group>"; };
		01957EB8201BFD4500CAF4C9 /* GQTBounds.h */ = {isa = PBXFileReference; fileEncoding = 4; lastKnownFileType = sourcecode.c.h; path = GQTBounds.h; sourceTree = "<group>"; };
		01957EB9201BFD4500CAF4C9 /* GQTPoint 2.h */ = {isa = PBXFileReference; fileEncoding = 4; lastKnownFileType = sourcecode.c.h; path = "GQTPoint 2.h"; sourceTree = "<group>"; };
		01957EBA201BFD4500CAF4C9 /* GQTPoint.h */ = {isa = PBXFileReference; fileEncoding = 4; lastKnownFileType = sourcecode.c.h; path = GQTPoint.h; sourceTree = "<group>"; };
		01957EBB201BFD4500CAF4C9 /* GQTPointQuadTree 2.h */ = {isa = PBXFileReference; fileEncoding = 4; lastKnownFileType = sourcecode.c.h; path = "GQTPointQuadTree 2.h"; sourceTree = "<group>"; };
		01957EBC201BFD4500CAF4C9 /* GQTPointQuadTree 2.m */ = {isa = PBXFileReference; fileEncoding = 4; lastKnownFileType = sourcecode.c.objc; path = "GQTPointQuadTree 2.m"; sourceTree = "<group>"; };
		01957EBD201BFD4500CAF4C9 /* GQTPointQuadTree.h */ = {isa = PBXFileReference; fileEncoding = 4; lastKnownFileType = sourcecode.c.h; path = GQTPointQuadTree.h; sourceTree = "<group>"; };
		01957EBE201BFD4500CAF4C9 /* GQTPointQuadTree.m */ = {isa = PBXFileReference; fileEncoding = 4; lastKnownFileType = sourcecode.c.objc; path = GQTPointQuadTree.m; sourceTree = "<group>"; };
		01957EBF201BFD4500CAF4C9 /* GQTPointQuadTreeChild 2.h */ = {isa = PBXFileReference; fileEncoding = 4; lastKnownFileType = sourcecode.c.h; path = "GQTPointQuadTreeChild 2.h"; sourceTree = "<group>"; };
		01957EC0201BFD4500CAF4C9 /* GQTPointQuadTreeChild 2.m */ = {isa = PBXFileReference; fileEncoding = 4; lastKnownFileType = sourcecode.c.objc; path = "GQTPointQuadTreeChild 2.m"; sourceTree = "<group>"; };
		01957EC1201BFD4500CAF4C9 /* GQTPointQuadTreeChild.h */ = {isa = PBXFileReference; fileEncoding = 4; lastKnownFileType = sourcecode.c.h; path = GQTPointQuadTreeChild.h; sourceTree = "<group>"; };
		01957EC2201BFD4500CAF4C9 /* GQTPointQuadTreeChild.m */ = {isa = PBXFileReference; fileEncoding = 4; lastKnownFileType = sourcecode.c.objc; path = GQTPointQuadTreeChild.m; sourceTree = "<group>"; };
		01957EC3201BFD4500CAF4C9 /* GQTPointQuadTreeItem 2.h */ = {isa = PBXFileReference; fileEncoding = 4; lastKnownFileType = sourcecode.c.h; path = "GQTPointQuadTreeItem 2.h"; sourceTree = "<group>"; };
		01957EC4201BFD4500CAF4C9 /* GQTPointQuadTreeItem.h */ = {isa = PBXFileReference; fileEncoding = 4; lastKnownFileType = sourcecode.c.h; path = GQTPointQuadTreeItem.h; sourceTree = "<group>"; };
		01A0C30F1FF57EDD006DFE30 /* AboutViewController.swift */ = {isa = PBXFileReference; lastKnownFileType = sourcecode.swift; path = AboutViewController.swift; sourceTree = "<group>"; };
		01A3B0C91FE848890036B6D1 /* FloodExplorer.app */ = {isa = PBXFileReference; explicitFileType = wrapper.application; includeInIndex = 0; path = FloodExplorer.app; sourceTree = BUILT_PRODUCTS_DIR; };
		01A3B0CC1FE848890036B6D1 /* AppDelegate.swift */ = {isa = PBXFileReference; lastKnownFileType = sourcecode.swift; path = AppDelegate.swift; sourceTree = "<group>"; };
		01A3B0CE1FE848890036B6D1 /* MapViewController.swift */ = {isa = PBXFileReference; lastKnownFileType = sourcecode.swift; path = MapViewController.swift; sourceTree = "<group>"; };
		01A3B0D01FE848890036B6D1 /* StoriesViewController.swift */ = {isa = PBXFileReference; lastKnownFileType = sourcecode.swift; path = StoriesViewController.swift; sourceTree = "<group>"; };
		01A3B0D31FE848890036B6D1 /* Base */ = {isa = PBXFileReference; lastKnownFileType = file.storyboard; name = Base; path = Base.lproj/Main.storyboard; sourceTree = "<group>"; };
		01A3B0D51FE848890036B6D1 /* Assets.xcassets */ = {isa = PBXFileReference; lastKnownFileType = folder.assetcatalog; path = Assets.xcassets; sourceTree = "<group>"; };
		01A3B0D81FE848890036B6D1 /* Base */ = {isa = PBXFileReference; lastKnownFileType = file.storyboard; name = Base; path = Base.lproj/LaunchScreen.storyboard; sourceTree = "<group>"; };
		01A3B0DA1FE848890036B6D1 /* Info.plist */ = {isa = PBXFileReference; lastKnownFileType = text.plist.xml; path = Info.plist; sourceTree = "<group>"; };
		01A3B0DF1FE848890036B6D1 /* FloodExplorerTests.xctest */ = {isa = PBXFileReference; explicitFileType = wrapper.cfbundle; includeInIndex = 0; path = FloodExplorerTests.xctest; sourceTree = BUILT_PRODUCTS_DIR; };
		01A3B0E31FE848890036B6D1 /* FloodExplorerTests.swift */ = {isa = PBXFileReference; lastKnownFileType = sourcecode.swift; path = FloodExplorerTests.swift; sourceTree = "<group>"; };
		01A3B0E51FE848890036B6D1 /* Info.plist */ = {isa = PBXFileReference; lastKnownFileType = text.plist.xml; path = Info.plist; sourceTree = "<group>"; };
		01A3B0EA1FE848890036B6D1 /* FloodExplorerUITests.xctest */ = {isa = PBXFileReference; explicitFileType = wrapper.cfbundle; includeInIndex = 0; path = FloodExplorerUITests.xctest; sourceTree = BUILT_PRODUCTS_DIR; };
		01A3B0EE1FE848890036B6D1 /* FloodExplorerUITests.swift */ = {isa = PBXFileReference; lastKnownFileType = sourcecode.swift; path = FloodExplorerUITests.swift; sourceTree = "<group>"; };
		01A3B0F01FE848890036B6D1 /* Info.plist */ = {isa = PBXFileReference; lastKnownFileType = text.plist.xml; path = Info.plist; sourceTree = "<group>"; };
		01B0467E1FE9AD0F0029CD1B /* StoryTabViewController.swift */ = {isa = PBXFileReference; lastKnownFileType = sourcecode.swift; path = StoryTabViewController.swift; sourceTree = "<group>"; };
		01B046811FE9B5BD0029CD1B /* StoryViewController.swift */ = {isa = PBXFileReference; lastKnownFileType = sourcecode.swift; path = StoryViewController.swift; sourceTree = "<group>"; };
		01B046831FE9B5CD0029CD1B /* StoryImagesViewController.swift */ = {isa = PBXFileReference; lastKnownFileType = sourcecode.swift; path = StoryImagesViewController.swift; sourceTree = "<group>"; };
		01B046851FE9B5E40029CD1B /* StoryMapViewController.swift */ = {isa = PBXFileReference; lastKnownFileType = sourcecode.swift; path = StoryMapViewController.swift; sourceTree = "<group>"; };
		01CA1843201BFEA600FDF6A7 /* MapInfoWindow.swift */ = {isa = PBXFileReference; fileEncoding = 4; lastKnownFileType = sourcecode.swift; path = MapInfoWindow.swift; sourceTree = "<group>"; };
		01CA1845201BFF0E00FDF6A7 /* MapInfoWindowView.xib */ = {isa = PBXFileReference; fileEncoding = 4; lastKnownFileType = file.xib; path = MapInfoWindowView.xib; sourceTree = "<group>"; };
		1020D3DF6E2378C1A2063158 /* Pods-FloodExplorerTests.release.xcconfig */ = {isa = PBXFileReference; includeInIndex = 1; lastKnownFileType = text.xcconfig; name = "Pods-FloodExplorerTests.release.xcconfig"; path = "Pods/Target Support Files/Pods-FloodExplorerTests/Pods-FloodExplorerTests.release.xcconfig"; sourceTree = "<group>"; };
		2EE6F9E1432945AC2607C022 /* Pods-FloodExplorer.debug.xcconfig */ = {isa = PBXFileReference; includeInIndex = 1; lastKnownFileType = text.xcconfig; name = "Pods-FloodExplorer.debug.xcconfig"; path = "Pods/Target Support Files/Pods-FloodExplorer/Pods-FloodExplorer.debug.xcconfig"; sourceTree = "<group>"; };
		55DA1F6E955B67CA8FA621E7 /* Pods_FloodExplorerTests.framework */ = {isa = PBXFileReference; explicitFileType = wrapper.framework; includeInIndex = 0; path = Pods_FloodExplorerTests.framework; sourceTree = BUILT_PRODUCTS_DIR; };
		66643795CCE032E427FF1F6A /* Pods-FloodExplorerUITests.debug.xcconfig */ = {isa = PBXFileReference; includeInIndex = 1; lastKnownFileType = text.xcconfig; name = "Pods-FloodExplorerUITests.debug.xcconfig"; path = "Pods/Target Support Files/Pods-FloodExplorerUITests/Pods-FloodExplorerUITests.debug.xcconfig"; sourceTree = "<group>"; };
		92FA6B6B7534E8F336FD1DB4 /* Pods-FloodExplorerTests.debug.xcconfig */ = {isa = PBXFileReference; includeInIndex = 1; lastKnownFileType = text.xcconfig; name = "Pods-FloodExplorerTests.debug.xcconfig"; path = "Pods/Target Support Files/Pods-FloodExplorerTests/Pods-FloodExplorerTests.debug.xcconfig"; sourceTree = "<group>"; };
		CB4CE2CF9C1430590B5B9ECA /* Pods_FloodExplorerUITests.framework */ = {isa = PBXFileReference; explicitFileType = wrapper.framework; includeInIndex = 0; path = Pods_FloodExplorerUITests.framework; sourceTree = BUILT_PRODUCTS_DIR; };
		E982AB4111AB51FBD122F694 /* Pods_FloodExplorer.framework */ = {isa = PBXFileReference; explicitFileType = wrapper.framework; includeInIndex = 0; path = Pods_FloodExplorer.framework; sourceTree = BUILT_PRODUCTS_DIR; };
		EF7D52F097487C83DB5F449B /* Pods-FloodExplorerUITests.release.xcconfig */ = {isa = PBXFileReference; includeInIndex = 1; lastKnownFileType = text.xcconfig; name = "Pods-FloodExplorerUITests.release.xcconfig"; path = "Pods/Target Support Files/Pods-FloodExplorerUITests/Pods-FloodExplorerUITests.release.xcconfig"; sourceTree = "<group>"; };
		FA7664E11AE933AA944C5A8D /* Pods-FloodExplorer.release.xcconfig */ = {isa = PBXFileReference; includeInIndex = 1; lastKnownFileType = text.xcconfig; name = "Pods-FloodExplorer.release.xcconfig"; path = "Pods/Target Support Files/Pods-FloodExplorer/Pods-FloodExplorer.release.xcconfig"; sourceTree = "<group>"; };
/* End PBXFileReference section */

/* Begin PBXFrameworksBuildPhase section */
		01A3B0C61FE848890036B6D1 /* Frameworks */ = {
			isa = PBXFrameworksBuildPhase;
			buildActionMask = 2147483647;
			files = (
				E904B151649E41F2DBBB2BF0 /* Pods_FloodExplorer.framework in Frameworks */,
			);
			runOnlyForDeploymentPostprocessing = 0;
		};
		01A3B0DC1FE848890036B6D1 /* Frameworks */ = {
			isa = PBXFrameworksBuildPhase;
			buildActionMask = 2147483647;
			files = (
				1024C3CCA2CFB96D69AF0134 /* Pods_FloodExplorerTests.framework in Frameworks */,
			);
			runOnlyForDeploymentPostprocessing = 0;
		};
		01A3B0E71FE848890036B6D1 /* Frameworks */ = {
			isa = PBXFrameworksBuildPhase;
			buildActionMask = 2147483647;
			files = (
				4666A7E7B9BE5558D3B4F369 /* Pods_FloodExplorerUITests.framework in Frameworks */,
			);
			runOnlyForDeploymentPostprocessing = 0;
		};
/* End PBXFrameworksBuildPhase section */

/* Begin PBXGroup section */
		015F2C52201E6EFB0014E726 /* ViewControllers */ = {
			isa = PBXGroup;
			children = (
				01A3B0CE1FE848890036B6D1 /* MapViewController.swift */,
				01A3B0D01FE848890036B6D1 /* StoriesViewController.swift */,
				01B046801FE9B5330029CD1B /* StoryTab */,
				016EB29C1FEADFCA008E4512 /* LoadingScreenViewController.swift */,
				016EB2A01FEAE210008E4512 /* FloodViewController.swift */,
				013AB13A1FED803C004EFC23 /* HomeViewController.swift */,
				01157B731FF071CC00122CF6 /* TabBarViewController.swift */,
				01A0C30F1FF57EDD006DFE30 /* AboutViewController.swift */,
			);
			path = ViewControllers;
			sourceTree = "<group>";
		};
		015F2C53201E6F660014E726 /* OmekaDataItems */ = {
			isa = PBXGroup;
			children = (
				0178CDF71FE84EA70098D886 /* CustomMapMarker.swift */,
				016C17861FE8745C007CEFC7 /* StoryItemDetails.swift */,
				014E06261FE98D0800110CC3 /* OmekaCollection.swift */,
			);
			path = OmekaDataItems;
			sourceTree = "<group>";
		};
		01957E60201BFD4500CAF4C9 /* Google-Maps-iOS-Utils */ = {
			isa = PBXGroup;
			children = (
				01957E61201BFD4500CAF4C9 /* LICENSE */,
				01957E62201BFD4500CAF4C9 /* README.md */,
				01957E63201BFD4500CAF4C9 /* src */,
			);
			name = "Google-Maps-iOS-Utils";
			path = "Pods/Google-Maps-iOS-Utils";
			sourceTree = SOURCE_ROOT;
		};
		01957E63201BFD4500CAF4C9 /* src */ = {
			isa = PBXGroup;
			children = (
				01957E64201BFD4500CAF4C9 /* Clustering */,
				01957E80201BFD4500CAF4C9 /* Geometry */,
				01957EAF201BFD4500CAF4C9 /* Heatmap */,
				01957EB6201BFD4500CAF4C9 /* QuadTree */,
			);
			path = src;
			sourceTree = "<group>";
		};
		01957E64201BFD4500CAF4C9 /* Clustering */ = {
			isa = PBXGroup;
			children = (
				01957E65201BFD4500CAF4C9 /* Algo */,
				01957E6F201BFD4500CAF4C9 /* GMUCluster.h */,
				01957E70201BFD4500CAF4C9 /* GMUClusterItem.h */,
				01957E71201BFD4500CAF4C9 /* GMUClusterManager+Testing.h */,
				01957E72201BFD4500CAF4C9 /* GMUClusterManager.h */,
				01957E73201BFD4500CAF4C9 /* GMUClusterManager.m */,
				01957E74201BFD4500CAF4C9 /* GMUMarkerClustering.h */,
				01957E75201BFD4500CAF4C9 /* GMUStaticCluster.h */,
				01957E76201BFD4500CAF4C9 /* GMUStaticCluster.m */,
				01957E77201BFD4500CAF4C9 /* View */,
			);
			path = Clustering;
			sourceTree = "<group>";
		};
		01957E65201BFD4500CAF4C9 /* Algo */ = {
			isa = PBXGroup;
			children = (
				01957E66201BFD4500CAF4C9 /* GMUClusterAlgorithm.h */,
				01957E67201BFD4500CAF4C9 /* GMUGridBasedClusterAlgorithm.h */,
				01957E68201BFD4500CAF4C9 /* GMUGridBasedClusterAlgorithm.m */,
				01957E69201BFD4500CAF4C9 /* GMUNonHierarchicalDistanceBasedAlgorithm.h */,
				01957E6A201BFD4500CAF4C9 /* GMUNonHierarchicalDistanceBasedAlgorithm.m */,
				01957E6B201BFD4500CAF4C9 /* GMUSimpleClusterAlgorithm.h */,
				01957E6C201BFD4500CAF4C9 /* GMUSimpleClusterAlgorithm.m */,
				01957E6D201BFD4500CAF4C9 /* GMUWrappingDictionaryKey.h */,
				01957E6E201BFD4500CAF4C9 /* GMUWrappingDictionaryKey.m */,
			);
			path = Algo;
			sourceTree = "<group>";
		};
		01957E77201BFD4500CAF4C9 /* View */ = {
			isa = PBXGroup;
			children = (
				015F2C50201CF1C20014E726 /* GMUDefaultClusterIconGenerator.m */,
				01957E78201BFD4500CAF4C9 /* GMUClusterIconGenerator.h */,
				01957E79201BFD4500CAF4C9 /* GMUClusterRenderer.h */,
				01957E7A201BFD4500CAF4C9 /* GMUDefaultClusterIconGenerator+Testing.h */,
				01957E7B201BFD4500CAF4C9 /* GMUDefaultClusterIconGenerator.h */,
				01957E7D201BFD4500CAF4C9 /* GMUDefaultClusterRenderer+Testing.h */,
				01957E7E201BFD4500CAF4C9 /* GMUDefaultClusterRenderer.h */,
				01957E7F201BFD4500CAF4C9 /* GMUDefaultClusterRenderer.m */,
			);
			path = View;
			sourceTree = "<group>";
		};
		01957E80201BFD4500CAF4C9 /* Geometry */ = {
			isa = PBXGroup;
			children = (
				01957E81201BFD4500CAF4C9 /* GMUGeoJSONParser 2.m */,
				01957E82201BFD4500CAF4C9 /* GMUGeoJSONParser.h */,
				01957E83201BFD4500CAF4C9 /* GMUGeoJSONParser.m */,
				01957E84201BFD4500CAF4C9 /* GMUGeometryRenderer 2.h */,
				01957E85201BFD4500CAF4C9 /* GMUGeometryRenderer+Testing 2.h */,
				01957E86201BFD4500CAF4C9 /* GMUGeometryRenderer+Testing.h */,
				01957E87201BFD4500CAF4C9 /* GMUGeometryRenderer.h */,
				01957E88201BFD4500CAF4C9 /* GMUGeometryRenderer.m */,
				01957E89201BFD4500CAF4C9 /* GMUKMLParser 2.h */,
				01957E8A201BFD4500CAF4C9 /* GMUKMLParser.h */,
				01957E8B201BFD4500CAF4C9 /* GMUKMLParser.m */,
				01957E8C201BFD4500CAF4C9 /* Model */,
			);
			path = Geometry;
			sourceTree = "<group>";
		};
		01957E8C201BFD4500CAF4C9 /* Model */ = {
			isa = PBXGroup;
			children = (
				01957E8D201BFD4500CAF4C9 /* GMUFeature 2.h */,
				01957E8E201BFD4500CAF4C9 /* GMUFeature 2.m */,
				01957E8F201BFD4500CAF4C9 /* GMUFeature.h */,
				01957E90201BFD4500CAF4C9 /* GMUFeature.m */,
				01957E91201BFD4500CAF4C9 /* GMUGeometry 2.h */,
				01957E92201BFD4500CAF4C9 /* GMUGeometry.h */,
				01957E93201BFD4500CAF4C9 /* GMUGeometryCollection 2.h */,
				01957E94201BFD4500CAF4C9 /* GMUGeometryCollection.h */,
				01957E95201BFD4500CAF4C9 /* GMUGeometryCollection.m */,
				01957E96201BFD4500CAF4C9 /* GMUGeometryContainer 2.h */,
				01957E97201BFD4500CAF4C9 /* GMUGeometryContainer.h */,
				01957E98201BFD4500CAF4C9 /* GMUGroundOverlay 2.h */,
				01957E99201BFD4500CAF4C9 /* GMUGroundOverlay 2.m */,
				01957E9A201BFD4500CAF4C9 /* GMUGroundOverlay.h */,
				01957E9B201BFD4500CAF4C9 /* GMUGroundOverlay.m */,
				01957E9C201BFD4500CAF4C9 /* GMULineString 2.h */,
				01957E9D201BFD4500CAF4C9 /* GMULineString 2.m */,
				01957E9E201BFD4500CAF4C9 /* GMULineString.h */,
				01957E9F201BFD4500CAF4C9 /* GMULineString.m */,
				01957EA0201BFD4500CAF4C9 /* GMUPlacemark 2.h */,
				01957EA1201BFD4500CAF4C9 /* GMUPlacemark 2.m */,
				01957EA2201BFD4500CAF4C9 /* GMUPlacemark.h */,
				01957EA3201BFD4500CAF4C9 /* GMUPlacemark.m */,
				01957EA4201BFD4500CAF4C9 /* GMUPoint 2.m */,
				01957EA5201BFD4500CAF4C9 /* GMUPoint.h */,
				01957EA6201BFD4500CAF4C9 /* GMUPoint.m */,
				01957EA7201BFD4500CAF4C9 /* GMUPolygon 2.h */,
				01957EA8201BFD4500CAF4C9 /* GMUPolygon 2.m */,
				01957EA9201BFD4500CAF4C9 /* GMUPolygon.h */,
				01957EAA201BFD4500CAF4C9 /* GMUPolygon.m */,
				01957EAB201BFD4500CAF4C9 /* GMUStyle 2.h */,
				01957EAC201BFD4500CAF4C9 /* GMUStyle 2.m */,
				01957EAD201BFD4500CAF4C9 /* GMUStyle.h */,
				01957EAE201BFD4500CAF4C9 /* GMUStyle.m */,
			);
			path = Model;
			sourceTree = "<group>";
		};
		01957EAF201BFD4500CAF4C9 /* Heatmap */ = {
			isa = PBXGroup;
			children = (
				01957EB0201BFD4500CAF4C9 /* GMUGradient.h */,
				01957EB1201BFD4500CAF4C9 /* GMUGradient.m */,
				01957EB2201BFD4500CAF4C9 /* GMUHeatmapTileLayer.h */,
				01957EB3201BFD4500CAF4C9 /* GMUHeatmapTileLayer.m */,
				01957EB4201BFD4500CAF4C9 /* GMUWeightedLatLng.h */,
				01957EB5201BFD4500CAF4C9 /* GMUWeightedLatLng.m */,
			);
			path = Heatmap;
			sourceTree = "<group>";
		};
		01957EB6201BFD4500CAF4C9 /* QuadTree */ = {
			isa = PBXGroup;
			children = (
				01957EB7201BFD4500CAF4C9 /* GQTBounds 2.h */,
				01957EB8201BFD4500CAF4C9 /* GQTBounds.h */,
				01957EB9201BFD4500CAF4C9 /* GQTPoint 2.h */,
				01957EBA201BFD4500CAF4C9 /* GQTPoint.h */,
				01957EBB201BFD4500CAF4C9 /* GQTPointQuadTree 2.h */,
				01957EBC201BFD4500CAF4C9 /* GQTPointQuadTree 2.m */,
				01957EBD201BFD4500CAF4C9 /* GQTPointQuadTree.h */,
				01957EBE201BFD4500CAF4C9 /* GQTPointQuadTree.m */,
				01957EBF201BFD4500CAF4C9 /* GQTPointQuadTreeChild 2.h */,
				01957EC0201BFD4500CAF4C9 /* GQTPointQuadTreeChild 2.m */,
				01957EC1201BFD4500CAF4C9 /* GQTPointQuadTreeChild.h */,
				01957EC2201BFD4500CAF4C9 /* GQTPointQuadTreeChild.m */,
				01957EC3201BFD4500CAF4C9 /* GQTPointQuadTreeItem 2.h */,
				01957EC4201BFD4500CAF4C9 /* GQTPointQuadTreeItem.h */,
			);
			path = QuadTree;
			sourceTree = "<group>";
		};
		01A3B0C01FE848890036B6D1 = {
			isa = PBXGroup;
			children = (
				01A3B0CB1FE848890036B6D1 /* FloodExplorer */,
				01A3B0E21FE848890036B6D1 /* FloodExplorerTests */,
				01A3B0ED1FE848890036B6D1 /* FloodExplorerUITests */,
				01A3B0CA1FE848890036B6D1 /* Products */,
				33BE9C900920232EA4DAB248 /* Pods */,
				FCD3046115EAF1671C62C956 /* Frameworks */,
			);
			sourceTree = "<group>";
		};
		01A3B0CA1FE848890036B6D1 /* Products */ = {
			isa = PBXGroup;
			children = (
				01A3B0C91FE848890036B6D1 /* FloodExplorer.app */,
				01A3B0DF1FE848890036B6D1 /* FloodExplorerTests.xctest */,
				01A3B0EA1FE848890036B6D1 /* FloodExplorerUITests.xctest */,
			);
			name = Products;
			sourceTree = "<group>";
		};
		01A3B0CB1FE848890036B6D1 /* FloodExplorer */ = {
			isa = PBXGroup;
			children = (
				01CA1843201BFEA600FDF6A7 /* MapInfoWindow.swift */,
				01CA1845201BFF0E00FDF6A7 /* MapInfoWindowView.xib */,
				015F2C52201E6EFB0014E726 /* ViewControllers */,
				014FB9ED1FF595E10070055B /* AboutView.xib */,
				014E062A1FE9A0DF00110CC3 /* StoriesTableViewCell.swift */,
				013AB13C1FEDDADC004EFC23 /* StoryItemTableViewCell.swift */,
				01A3B0D21FE848890036B6D1 /* Main.storyboard */,
				014138A21FFF0AA200A549D5 /* Extensions.swift */,
				01A3B0D71FE848890036B6D1 /* LaunchScreen.storyboard */,
				01A3B0DA1FE848890036B6D1 /* Info.plist */,
				01A3B0FC1FE848EB0036B6D1 /* Supporting Files */,
				015F2C53201E6F660014E726 /* OmekaDataItems */,
				016C17261FE8521E007CEFC7 /* FloodExplorer-Bridging-Header.h */,
				01957E60201BFD4500CAF4C9 /* Google-Maps-iOS-Utils */,
				016EB2A21FEC3608008E4512 /* AppSettings.swift */,
			);
			path = FloodExplorer;
			sourceTree = "<group>";
		};
		01A3B0E21FE848890036B6D1 /* FloodExplorerTests */ = {
			isa = PBXGroup;
			children = (
				01A3B0E31FE848890036B6D1 /* FloodExplorerTests.swift */,
				01A3B0E51FE848890036B6D1 /* Info.plist */,
			);
			path = FloodExplorerTests;
			sourceTree = "<group>";
		};
		01A3B0ED1FE848890036B6D1 /* FloodExplorerUITests */ = {
			isa = PBXGroup;
			children = (
				01A3B0EE1FE848890036B6D1 /* FloodExplorerUITests.swift */,
				01A3B0F01FE848890036B6D1 /* Info.plist */,
			);
			path = FloodExplorerUITests;
			sourceTree = "<group>";
		};
		01A3B0FC1FE848EB0036B6D1 /* Supporting Files */ = {
			isa = PBXGroup;
			children = (
				01A3B0CC1FE848890036B6D1 /* AppDelegate.swift */,
				01A3B0D51FE848890036B6D1 /* Assets.xcassets */,
			);
			path = "Supporting Files";
			sourceTree = "<group>";
		};
		01B046801FE9B5330029CD1B /* StoryTab */ = {
			isa = PBXGroup;
			children = (
				01B0467E1FE9AD0F0029CD1B /* StoryTabViewController.swift */,
				01B046811FE9B5BD0029CD1B /* StoryViewController.swift */,
				01B046831FE9B5CD0029CD1B /* StoryImagesViewController.swift */,
				01B046851FE9B5E40029CD1B /* StoryMapViewController.swift */,
				013AB13E1FEDE47B004EFC23 /* StoryItemViewController.swift */,
			);
			path = StoryTab;
			sourceTree = "<group>";
		};
		33BE9C900920232EA4DAB248 /* Pods */ = {
			isa = PBXGroup;
			children = (
				2EE6F9E1432945AC2607C022 /* Pods-FloodExplorer.debug.xcconfig */,
				FA7664E11AE933AA944C5A8D /* Pods-FloodExplorer.release.xcconfig */,
				92FA6B6B7534E8F336FD1DB4 /* Pods-FloodExplorerTests.debug.xcconfig */,
				1020D3DF6E2378C1A2063158 /* Pods-FloodExplorerTests.release.xcconfig */,
				66643795CCE032E427FF1F6A /* Pods-FloodExplorerUITests.debug.xcconfig */,
				EF7D52F097487C83DB5F449B /* Pods-FloodExplorerUITests.release.xcconfig */,
			);
			name = Pods;
			sourceTree = "<group>";
		};
		FCD3046115EAF1671C62C956 /* Frameworks */ = {
			isa = PBXGroup;
			children = (
				E982AB4111AB51FBD122F694 /* Pods_FloodExplorer.framework */,
				55DA1F6E955B67CA8FA621E7 /* Pods_FloodExplorerTests.framework */,
				CB4CE2CF9C1430590B5B9ECA /* Pods_FloodExplorerUITests.framework */,
			);
			name = Frameworks;
			sourceTree = "<group>";
		};
/* End PBXGroup section */

/* Begin PBXNativeTarget section */
		01A3B0C81FE848890036B6D1 /* FloodExplorer */ = {
			isa = PBXNativeTarget;
			buildConfigurationList = 01A3B0F31FE848890036B6D1 /* Build configuration list for PBXNativeTarget "FloodExplorer" */;
			buildPhases = (
				CB07EA1C35ECD45275AE83B9 /* [CP] Check Pods Manifest.lock */,
				01A3B0C51FE848890036B6D1 /* Sources */,
				01A3B0C61FE848890036B6D1 /* Frameworks */,
				01A3B0C71FE848890036B6D1 /* Resources */,
				A2B44D41A92682113099C358 /* [CP] Embed Pods Frameworks */,
				8282487124C850D687DD1201 /* [CP] Copy Pods Resources */,
			);
			buildRules = (
			);
			dependencies = (
			);
			name = FloodExplorer;
			productName = FloodExplorer;
			productReference = 01A3B0C91FE848890036B6D1 /* FloodExplorer.app */;
			productType = "com.apple.product-type.application";
		};
		01A3B0DE1FE848890036B6D1 /* FloodExplorerTests */ = {
			isa = PBXNativeTarget;
			buildConfigurationList = 01A3B0F61FE848890036B6D1 /* Build configuration list for PBXNativeTarget "FloodExplorerTests" */;
			buildPhases = (
				9BD59D029977019529862522 /* [CP] Check Pods Manifest.lock */,
				01A3B0DB1FE848890036B6D1 /* Sources */,
				01A3B0DC1FE848890036B6D1 /* Frameworks */,
				01A3B0DD1FE848890036B6D1 /* Resources */,
				3EAE6C606B0B39D023C3BFC5 /* [CP] Embed Pods Frameworks */,
				A5E9FD6EEA83D5E80D0F5101 /* [CP] Copy Pods Resources */,
			);
			buildRules = (
			);
			dependencies = (
				01A3B0E11FE848890036B6D1 /* PBXTargetDependency */,
			);
			name = FloodExplorerTests;
			productName = FloodExplorerTests;
			productReference = 01A3B0DF1FE848890036B6D1 /* FloodExplorerTests.xctest */;
			productType = "com.apple.product-type.bundle.unit-test";
		};
		01A3B0E91FE848890036B6D1 /* FloodExplorerUITests */ = {
			isa = PBXNativeTarget;
			buildConfigurationList = 01A3B0F91FE848890036B6D1 /* Build configuration list for PBXNativeTarget "FloodExplorerUITests" */;
			buildPhases = (
				FA30A0A77FE3279219BC912D /* [CP] Check Pods Manifest.lock */,
				01A3B0E61FE848890036B6D1 /* Sources */,
				01A3B0E71FE848890036B6D1 /* Frameworks */,
				01A3B0E81FE848890036B6D1 /* Resources */,
				DC02B51BCEB7FE51E7712972 /* [CP] Embed Pods Frameworks */,
				DB08C55FFAAA84A7B7B3346F /* [CP] Copy Pods Resources */,
			);
			buildRules = (
			);
			dependencies = (
				01A3B0EC1FE848890036B6D1 /* PBXTargetDependency */,
			);
			name = FloodExplorerUITests;
			productName = FloodExplorerUITests;
			productReference = 01A3B0EA1FE848890036B6D1 /* FloodExplorerUITests.xctest */;
			productType = "com.apple.product-type.bundle.ui-testing";
		};
/* End PBXNativeTarget section */

/* Begin PBXProject section */
		01A3B0C11FE848890036B6D1 /* Project object */ = {
			isa = PBXProject;
			attributes = {
				LastSwiftUpdateCheck = 0910;
				LastUpgradeCheck = 0910;
				ORGANIZATIONNAME = "Michael Gilge";
				TargetAttributes = {
					01A3B0C81FE848890036B6D1 = {
						CreatedOnToolsVersion = 9.1;
						ProvisioningStyle = Automatic;
					};
					01A3B0DE1FE848890036B6D1 = {
						CreatedOnToolsVersion = 9.1;
						ProvisioningStyle = Automatic;
						TestTargetID = 01A3B0C81FE848890036B6D1;
					};
					01A3B0E91FE848890036B6D1 = {
						CreatedOnToolsVersion = 9.1;
						ProvisioningStyle = Automatic;
						TestTargetID = 01A3B0C81FE848890036B6D1;
					};
				};
			};
			buildConfigurationList = 01A3B0C41FE848890036B6D1 /* Build configuration list for PBXProject "FloodExplorer" */;
			compatibilityVersion = "Xcode 8.0";
			developmentRegion = en;
			hasScannedForEncodings = 0;
			knownRegions = (
				en,
				Base,
			);
			mainGroup = 01A3B0C01FE848890036B6D1;
			productRefGroup = 01A3B0CA1FE848890036B6D1 /* Products */;
			projectDirPath = "";
			projectRoot = "";
			targets = (
				01A3B0C81FE848890036B6D1 /* FloodExplorer */,
				01A3B0DE1FE848890036B6D1 /* FloodExplorerTests */,
				01A3B0E91FE848890036B6D1 /* FloodExplorerUITests */,
			);
		};
/* End PBXProject section */

/* Begin PBXResourcesBuildPhase section */
		01A3B0C71FE848890036B6D1 /* Resources */ = {
			isa = PBXResourcesBuildPhase;
			buildActionMask = 2147483647;
			files = (
				01957EC5201BFD4500CAF4C9 /* LICENSE in Resources */,
				014FB9EE1FF595E10070055B /* AboutView.xib in Resources */,
				01A3B0D91FE848890036B6D1 /* LaunchScreen.storyboard in Resources */,
				01957EC6201BFD4500CAF4C9 /* README.md in Resources */,
				01A3B0D61FE848890036B6D1 /* Assets.xcassets in Resources */,
				01CA1846201BFF0E00FDF6A7 /* MapInfoWindowView.xib in Resources */,
				01A3B0D41FE848890036B6D1 /* Main.storyboard in Resources */,
			);
			runOnlyForDeploymentPostprocessing = 0;
		};
		01A3B0DD1FE848890036B6D1 /* Resources */ = {
			isa = PBXResourcesBuildPhase;
			buildActionMask = 2147483647;
			files = (
			);
			runOnlyForDeploymentPostprocessing = 0;
		};
		01A3B0E81FE848890036B6D1 /* Resources */ = {
			isa = PBXResourcesBuildPhase;
			buildActionMask = 2147483647;
			files = (
			);
			runOnlyForDeploymentPostprocessing = 0;
		};
/* End PBXResourcesBuildPhase section */

/* Begin PBXShellScriptBuildPhase section */
		3EAE6C606B0B39D023C3BFC5 /* [CP] Embed Pods Frameworks */ = {
			isa = PBXShellScriptBuildPhase;
			buildActionMask = 2147483647;
			files = (
			);
			inputPaths = (
			);
			name = "[CP] Embed Pods Frameworks";
			outputPaths = (
			);
			runOnlyForDeploymentPostprocessing = 0;
			shellPath = /bin/sh;
			shellScript = "\"${SRCROOT}/Pods/Target Support Files/Pods-FloodExplorerTests/Pods-FloodExplorerTests-frameworks.sh\"\n";
			showEnvVarsInLog = 0;
		};
		8282487124C850D687DD1201 /* [CP] Copy Pods Resources */ = {
			isa = PBXShellScriptBuildPhase;
			buildActionMask = 2147483647;
			files = (
			);
			inputPaths = (
				"${SRCROOT}/Pods/Target Support Files/Pods-FloodExplorer/Pods-FloodExplorer-resources.sh",
				"${PODS_ROOT}/GoogleMaps/Maps/Frameworks/GoogleMaps.framework/Resources/GoogleMaps.bundle",
				"${PODS_ROOT}/GooglePlaces/Frameworks/GooglePlaces.framework/Resources/GooglePlaces.bundle",
			);
			name = "[CP] Copy Pods Resources";
			outputPaths = (
				"${TARGET_BUILD_DIR}/${UNLOCALIZED_RESOURCES_FOLDER_PATH}/GoogleMaps.bundle",
				"${TARGET_BUILD_DIR}/${UNLOCALIZED_RESOURCES_FOLDER_PATH}/GooglePlaces.bundle",
			);
			runOnlyForDeploymentPostprocessing = 0;
			shellPath = /bin/sh;
			shellScript = "\"${SRCROOT}/Pods/Target Support Files/Pods-FloodExplorer/Pods-FloodExplorer-resources.sh\"\n";
			showEnvVarsInLog = 0;
		};
		9BD59D029977019529862522 /* [CP] Check Pods Manifest.lock */ = {
			isa = PBXShellScriptBuildPhase;
			buildActionMask = 2147483647;
			files = (
			);
			inputPaths = (
				"${PODS_PODFILE_DIR_PATH}/Podfile.lock",
				"${PODS_ROOT}/Manifest.lock",
			);
			name = "[CP] Check Pods Manifest.lock";
			outputPaths = (
				"$(DERIVED_FILE_DIR)/Pods-FloodExplorerTests-checkManifestLockResult.txt",
			);
			runOnlyForDeploymentPostprocessing = 0;
			shellPath = /bin/sh;
			shellScript = "diff \"${PODS_PODFILE_DIR_PATH}/Podfile.lock\" \"${PODS_ROOT}/Manifest.lock\" > /dev/null\nif [ $? != 0 ] ; then\n    # print error to STDERR\n    echo \"error: The sandbox is not in sync with the Podfile.lock. Run 'pod install' or update your CocoaPods installation.\" >&2\n    exit 1\nfi\n# This output is used by Xcode 'outputs' to avoid re-running this script phase.\necho \"SUCCESS\" > \"${SCRIPT_OUTPUT_FILE_0}\"\n";
			showEnvVarsInLog = 0;
		};
		A2B44D41A92682113099C358 /* [CP] Embed Pods Frameworks */ = {
			isa = PBXShellScriptBuildPhase;
			buildActionMask = 2147483647;
			files = (
			);
			inputPaths = (
				"${SRCROOT}/Pods/Target Support Files/Pods-FloodExplorer/Pods-FloodExplorer-frameworks.sh",
				"${BUILT_PRODUCTS_DIR}/AZDropdownMenu/AZDropdownMenu.framework",
				"${BUILT_PRODUCTS_DIR}/Auk/Auk.framework",
				"${BUILT_PRODUCTS_DIR}/XLPagerTabStrip/XLPagerTabStrip.framework",
				"${BUILT_PRODUCTS_DIR}/moa/moa.framework",
			);
			name = "[CP] Embed Pods Frameworks";
			outputPaths = (
				"${TARGET_BUILD_DIR}/${FRAMEWORKS_FOLDER_PATH}/AZDropdownMenu.framework",
				"${TARGET_BUILD_DIR}/${FRAMEWORKS_FOLDER_PATH}/Auk.framework",
				"${TARGET_BUILD_DIR}/${FRAMEWORKS_FOLDER_PATH}/XLPagerTabStrip.framework",
				"${TARGET_BUILD_DIR}/${FRAMEWORKS_FOLDER_PATH}/moa.framework",
			);
			runOnlyForDeploymentPostprocessing = 0;
			shellPath = /bin/sh;
			shellScript = "\"${SRCROOT}/Pods/Target Support Files/Pods-FloodExplorer/Pods-FloodExplorer-frameworks.sh\"\n";
			showEnvVarsInLog = 0;
		};
		A5E9FD6EEA83D5E80D0F5101 /* [CP] Copy Pods Resources */ = {
			isa = PBXShellScriptBuildPhase;
			buildActionMask = 2147483647;
			files = (
			);
			inputPaths = (
			);
			name = "[CP] Copy Pods Resources";
			outputPaths = (
			);
			runOnlyForDeploymentPostprocessing = 0;
			shellPath = /bin/sh;
			shellScript = "\"${SRCROOT}/Pods/Target Support Files/Pods-FloodExplorerTests/Pods-FloodExplorerTests-resources.sh\"\n";
			showEnvVarsInLog = 0;
		};
		CB07EA1C35ECD45275AE83B9 /* [CP] Check Pods Manifest.lock */ = {
			isa = PBXShellScriptBuildPhase;
			buildActionMask = 2147483647;
			files = (
			);
			inputPaths = (
				"${PODS_PODFILE_DIR_PATH}/Podfile.lock",
				"${PODS_ROOT}/Manifest.lock",
			);
			name = "[CP] Check Pods Manifest.lock";
			outputPaths = (
				"$(DERIVED_FILE_DIR)/Pods-FloodExplorer-checkManifestLockResult.txt",
			);
			runOnlyForDeploymentPostprocessing = 0;
			shellPath = /bin/sh;
			shellScript = "diff \"${PODS_PODFILE_DIR_PATH}/Podfile.lock\" \"${PODS_ROOT}/Manifest.lock\" > /dev/null\nif [ $? != 0 ] ; then\n    # print error to STDERR\n    echo \"error: The sandbox is not in sync with the Podfile.lock. Run 'pod install' or update your CocoaPods installation.\" >&2\n    exit 1\nfi\n# This output is used by Xcode 'outputs' to avoid re-running this script phase.\necho \"SUCCESS\" > \"${SCRIPT_OUTPUT_FILE_0}\"\n";
			showEnvVarsInLog = 0;
		};
		DB08C55FFAAA84A7B7B3346F /* [CP] Copy Pods Resources */ = {
			isa = PBXShellScriptBuildPhase;
			buildActionMask = 2147483647;
			files = (
			);
			inputPaths = (
			);
			name = "[CP] Copy Pods Resources";
			outputPaths = (
			);
			runOnlyForDeploymentPostprocessing = 0;
			shellPath = /bin/sh;
			shellScript = "\"${SRCROOT}/Pods/Target Support Files/Pods-FloodExplorerUITests/Pods-FloodExplorerUITests-resources.sh\"\n";
			showEnvVarsInLog = 0;
		};
		DC02B51BCEB7FE51E7712972 /* [CP] Embed Pods Frameworks */ = {
			isa = PBXShellScriptBuildPhase;
			buildActionMask = 2147483647;
			files = (
			);
			inputPaths = (
			);
			name = "[CP] Embed Pods Frameworks";
			outputPaths = (
			);
			runOnlyForDeploymentPostprocessing = 0;
			shellPath = /bin/sh;
			shellScript = "\"${SRCROOT}/Pods/Target Support Files/Pods-FloodExplorerUITests/Pods-FloodExplorerUITests-frameworks.sh\"\n";
			showEnvVarsInLog = 0;
		};
		FA30A0A77FE3279219BC912D /* [CP] Check Pods Manifest.lock */ = {
			isa = PBXShellScriptBuildPhase;
			buildActionMask = 2147483647;
			files = (
			);
			inputPaths = (
				"${PODS_PODFILE_DIR_PATH}/Podfile.lock",
				"${PODS_ROOT}/Manifest.lock",
			);
			name = "[CP] Check Pods Manifest.lock";
			outputPaths = (
				"$(DERIVED_FILE_DIR)/Pods-FloodExplorerUITests-checkManifestLockResult.txt",
			);
			runOnlyForDeploymentPostprocessing = 0;
			shellPath = /bin/sh;
			shellScript = "diff \"${PODS_PODFILE_DIR_PATH}/Podfile.lock\" \"${PODS_ROOT}/Manifest.lock\" > /dev/null\nif [ $? != 0 ] ; then\n    # print error to STDERR\n    echo \"error: The sandbox is not in sync with the Podfile.lock. Run 'pod install' or update your CocoaPods installation.\" >&2\n    exit 1\nfi\n# This output is used by Xcode 'outputs' to avoid re-running this script phase.\necho \"SUCCESS\" > \"${SCRIPT_OUTPUT_FILE_0}\"\n";
			showEnvVarsInLog = 0;
		};
/* End PBXShellScriptBuildPhase section */

/* Begin PBXSourcesBuildPhase section */
		01A3B0C51FE848890036B6D1 /* Sources */ = {
			isa = PBXSourcesBuildPhase;
			buildActionMask = 2147483647;
			files = (
				01957EDD201BFD4500CAF4C9 /* GMUPoint.m in Sources */,
				01A3B0D11FE848890036B6D1 /* StoriesViewController.swift in Sources */,
				01957EDF201BFD4500CAF4C9 /* GMUPolygon.m in Sources */,
				01957ED7201BFD4500CAF4C9 /* GMUGroundOverlay.m in Sources */,
				013AB13D1FEDDADC004EFC23 /* StoryItemTableViewCell.swift in Sources */,
				01957EDB201BFD4500CAF4C9 /* GMUPlacemark.m in Sources */,
				01A0C3101FF57EDD006DFE30 /* AboutViewController.swift in Sources */,
				01B046841FE9B5CD0029CD1B /* StoryImagesViewController.swift in Sources */,
				01957EC7201BFD4500CAF4C9 /* GMUGridBasedClusterAlgorithm.m in Sources */,
				01A3B0CD1FE848890036B6D1 /* AppDelegate.swift in Sources */,
				013AB13F1FEDE47B004EFC23 /* StoryItemViewController.swift in Sources */,
				01B046821FE9B5BD0029CD1B /* StoryViewController.swift in Sources */,
				01B046861FE9B5E40029CD1B /* StoryMapViewController.swift in Sources */,
				01957ED5201BFD4500CAF4C9 /* GMUGeometryCollection.m in Sources */,
				01957EE3201BFD4500CAF4C9 /* GMUHeatmapTileLayer.m in Sources */,
				01A3B0CF1FE848890036B6D1 /* MapViewController.swift in Sources */,
				016EB2A11FEAE210008E4512 /* FloodViewController.swift in Sources */,
				01957ED2201BFD4500CAF4C9 /* GMUKMLParser.m in Sources */,
				014138A31FFF0AA200A549D5 /* Extensions.swift in Sources */,
				01957ED4201BFD4500CAF4C9 /* GMUFeature.m in Sources */,
				01957ED9201BFD4500CAF4C9 /* GMULineString.m in Sources */,
				01B0467F1FE9AD0F0029CD1B /* StoryTabViewController.swift in Sources */,
				01157B741FF071CC00122CF6 /* TabBarViewController.swift in Sources */,
				01957EC8201BFD4500CAF4C9 /* GMUNonHierarchicalDistanceBasedAlgorithm.m in Sources */,
				016EB29D1FEADFCA008E4512 /* LoadingScreenViewController.swift in Sources */,
				014E06271FE98D0800110CC3 /* OmekaCollection.swift in Sources */,
				01957ECE201BFD4500CAF4C9 /* GMUDefaultClusterRenderer.m in Sources */,
				01957ECB201BFD4500CAF4C9 /* GMUClusterManager.m in Sources */,
				01957EE6201BFD4500CAF4C9 /* GQTPointQuadTree.m in Sources */,
				01957EC9201BFD4500CAF4C9 /* GMUSimpleClusterAlgorithm.m in Sources */,
				016C17871FE8745C007CEFC7 /* StoryItemDetails.swift in Sources */,
				0178CDF81FE84EA70098D886 /* CustomMapMarker.swift in Sources */,
				01957ECC201BFD4500CAF4C9 /* GMUStaticCluster.m in Sources */,
				013AB13B1FED803C004EFC23 /* HomeViewController.swift in Sources */,
				01957ED0201BFD4500CAF4C9 /* GMUGeoJSONParser.m in Sources */,
				01957ED1201BFD4500CAF4C9 /* GMUGeometryRenderer.m in Sources */,
				016EB2A31FEC3608008E4512 /* AppSettings.swift in Sources */,
				01CA1844201BFEA600FDF6A7 /* MapInfoWindow.swift in Sources */,
				01957ECA201BFD4500CAF4C9 /* GMUWrappingDictionaryKey.m in Sources */,
				01957EE4201BFD4500CAF4C9 /* GMUWeightedLatLng.m in Sources */,
				014E062B1FE9A0DF00110CC3 /* StoriesTableViewCell.swift in Sources */,
				01957EE8201BFD4500CAF4C9 /* GQTPointQuadTreeChild.m in Sources */,
				01957EE2201BFD4500CAF4C9 /* GMUGradient.m in Sources */,
				015F2C51201CF1C20014E726 /* GMUDefaultClusterIconGenerator.m in Sources */,
				01957EE1201BFD4500CAF4C9 /* GMUStyle.m in Sources */,
			);
			runOnlyForDeploymentPostprocessing = 0;
		};
		01A3B0DB1FE848890036B6D1 /* Sources */ = {
			isa = PBXSourcesBuildPhase;
			buildActionMask = 2147483647;
			files = (
				01A3B0E41FE848890036B6D1 /* FloodExplorerTests.swift in Sources */,
			);
			runOnlyForDeploymentPostprocessing = 0;
		};
		01A3B0E61FE848890036B6D1 /* Sources */ = {
			isa = PBXSourcesBuildPhase;
			buildActionMask = 2147483647;
			files = (
				01A3B0EF1FE848890036B6D1 /* FloodExplorerUITests.swift in Sources */,
			);
			runOnlyForDeploymentPostprocessing = 0;
		};
/* End PBXSourcesBuildPhase section */

/* Begin PBXTargetDependency section */
		01A3B0E11FE848890036B6D1 /* PBXTargetDependency */ = {
			isa = PBXTargetDependency;
			target = 01A3B0C81FE848890036B6D1 /* FloodExplorer */;
			targetProxy = 01A3B0E01FE848890036B6D1 /* PBXContainerItemProxy */;
		};
		01A3B0EC1FE848890036B6D1 /* PBXTargetDependency */ = {
			isa = PBXTargetDependency;
			target = 01A3B0C81FE848890036B6D1 /* FloodExplorer */;
			targetProxy = 01A3B0EB1FE848890036B6D1 /* PBXContainerItemProxy */;
		};
/* End PBXTargetDependency section */

/* Begin PBXVariantGroup section */
		01A3B0D21FE848890036B6D1 /* Main.storyboard */ = {
			isa = PBXVariantGroup;
			children = (
				01A3B0D31FE848890036B6D1 /* Base */,
			);
			name = Main.storyboard;
			sourceTree = "<group>";
		};
		01A3B0D71FE848890036B6D1 /* LaunchScreen.storyboard */ = {
			isa = PBXVariantGroup;
			children = (
				01A3B0D81FE848890036B6D1 /* Base */,
			);
			name = LaunchScreen.storyboard;
			sourceTree = "<group>";
		};
/* End PBXVariantGroup section */

/* Begin XCBuildConfiguration section */
		01A3B0F11FE848890036B6D1 /* Debug */ = {
			isa = XCBuildConfiguration;
			buildSettings = {
				ALWAYS_SEARCH_USER_PATHS = NO;
				CLANG_ANALYZER_NONNULL = YES;
				CLANG_ANALYZER_NUMBER_OBJECT_CONVERSION = YES_AGGRESSIVE;
				CLANG_CXX_LANGUAGE_STANDARD = "gnu++14";
				CLANG_CXX_LIBRARY = "libc++";
				CLANG_ENABLE_MODULES = YES;
				CLANG_ENABLE_OBJC_ARC = YES;
				CLANG_WARN_BLOCK_CAPTURE_AUTORELEASING = YES;
				CLANG_WARN_BOOL_CONVERSION = YES;
				CLANG_WARN_COMMA = YES;
				CLANG_WARN_CONSTANT_CONVERSION = YES;
				CLANG_WARN_DIRECT_OBJC_ISA_USAGE = YES_ERROR;
				CLANG_WARN_DOCUMENTATION_COMMENTS = YES;
				CLANG_WARN_EMPTY_BODY = YES;
				CLANG_WARN_ENUM_CONVERSION = YES;
				CLANG_WARN_INFINITE_RECURSION = YES;
				CLANG_WARN_INT_CONVERSION = YES;
				CLANG_WARN_NON_LITERAL_NULL_CONVERSION = YES;
				CLANG_WARN_OBJC_LITERAL_CONVERSION = YES;
				CLANG_WARN_OBJC_ROOT_CLASS = YES_ERROR;
				CLANG_WARN_RANGE_LOOP_ANALYSIS = YES;
				CLANG_WARN_STRICT_PROTOTYPES = YES;
				CLANG_WARN_SUSPICIOUS_MOVE = YES;
				CLANG_WARN_UNGUARDED_AVAILABILITY = YES_AGGRESSIVE;
				CLANG_WARN_UNREACHABLE_CODE = YES;
				CLANG_WARN__DUPLICATE_METHOD_MATCH = YES;
				CODE_SIGN_IDENTITY = "iPhone Developer";
				COPY_PHASE_STRIP = NO;
				DEBUG_INFORMATION_FORMAT = dwarf;
				ENABLE_STRICT_OBJC_MSGSEND = YES;
				ENABLE_TESTABILITY = YES;
				GCC_C_LANGUAGE_STANDARD = gnu11;
				GCC_DYNAMIC_NO_PIC = NO;
				GCC_NO_COMMON_BLOCKS = YES;
				GCC_OPTIMIZATION_LEVEL = 0;
				GCC_PREPROCESSOR_DEFINITIONS = (
					"DEBUG=1",
					"$(inherited)",
				);
				GCC_WARN_64_TO_32_BIT_CONVERSION = YES;
				GCC_WARN_ABOUT_RETURN_TYPE = YES_ERROR;
				GCC_WARN_UNDECLARED_SELECTOR = YES;
				GCC_WARN_UNINITIALIZED_AUTOS = YES_AGGRESSIVE;
				GCC_WARN_UNUSED_FUNCTION = YES;
				GCC_WARN_UNUSED_VARIABLE = YES;
				IPHONEOS_DEPLOYMENT_TARGET = 11.1;
				MTL_ENABLE_DEBUG_INFO = YES;
				ONLY_ACTIVE_ARCH = YES;
				SDKROOT = iphoneos;
				SWIFT_ACTIVE_COMPILATION_CONDITIONS = DEBUG;
				SWIFT_OPTIMIZATION_LEVEL = "-Onone";
			};
			name = Debug;
		};
		01A3B0F21FE848890036B6D1 /* Release */ = {
			isa = XCBuildConfiguration;
			buildSettings = {
				ALWAYS_SEARCH_USER_PATHS = NO;
				CLANG_ANALYZER_NONNULL = YES;
				CLANG_ANALYZER_NUMBER_OBJECT_CONVERSION = YES_AGGRESSIVE;
				CLANG_CXX_LANGUAGE_STANDARD = "gnu++14";
				CLANG_CXX_LIBRARY = "libc++";
				CLANG_ENABLE_MODULES = YES;
				CLANG_ENABLE_OBJC_ARC = YES;
				CLANG_WARN_BLOCK_CAPTURE_AUTORELEASING = YES;
				CLANG_WARN_BOOL_CONVERSION = YES;
				CLANG_WARN_COMMA = YES;
				CLANG_WARN_CONSTANT_CONVERSION = YES;
				CLANG_WARN_DIRECT_OBJC_ISA_USAGE = YES_ERROR;
				CLANG_WARN_DOCUMENTATION_COMMENTS = YES;
				CLANG_WARN_EMPTY_BODY = YES;
				CLANG_WARN_ENUM_CONVERSION = YES;
				CLANG_WARN_INFINITE_RECURSION = YES;
				CLANG_WARN_INT_CONVERSION = YES;
				CLANG_WARN_NON_LITERAL_NULL_CONVERSION = YES;
				CLANG_WARN_OBJC_LITERAL_CONVERSION = YES;
				CLANG_WARN_OBJC_ROOT_CLASS = YES_ERROR;
				CLANG_WARN_RANGE_LOOP_ANALYSIS = YES;
				CLANG_WARN_STRICT_PROTOTYPES = YES;
				CLANG_WARN_SUSPICIOUS_MOVE = YES;
				CLANG_WARN_UNGUARDED_AVAILABILITY = YES_AGGRESSIVE;
				CLANG_WARN_UNREACHABLE_CODE = YES;
				CLANG_WARN__DUPLICATE_METHOD_MATCH = YES;
				CODE_SIGN_IDENTITY = "iPhone Developer";
				COPY_PHASE_STRIP = NO;
				DEBUG_INFORMATION_FORMAT = "dwarf-with-dsym";
				ENABLE_NS_ASSERTIONS = NO;
				ENABLE_STRICT_OBJC_MSGSEND = YES;
				GCC_C_LANGUAGE_STANDARD = gnu11;
				GCC_NO_COMMON_BLOCKS = YES;
				GCC_WARN_64_TO_32_BIT_CONVERSION = YES;
				GCC_WARN_ABOUT_RETURN_TYPE = YES_ERROR;
				GCC_WARN_UNDECLARED_SELECTOR = YES;
				GCC_WARN_UNINITIALIZED_AUTOS = YES_AGGRESSIVE;
				GCC_WARN_UNUSED_FUNCTION = YES;
				GCC_WARN_UNUSED_VARIABLE = YES;
				IPHONEOS_DEPLOYMENT_TARGET = 11.1;
				MTL_ENABLE_DEBUG_INFO = NO;
				SDKROOT = iphoneos;
				SWIFT_OPTIMIZATION_LEVEL = "-Owholemodule";
				VALIDATE_PRODUCT = YES;
			};
			name = Release;
		};
		01A3B0F41FE848890036B6D1 /* Debug */ = {
			isa = XCBuildConfiguration;
			baseConfigurationReference = 2EE6F9E1432945AC2607C022 /* Pods-FloodExplorer.debug.xcconfig */;
			buildSettings = {
				ASSETCATALOG_COMPILER_APPICON_NAME = AppIcon;
				BridgingHeader = "${SRCROOT}/BridgingHeader.h";
				CODE_SIGN_STYLE = Automatic;
				DEVELOPMENT_TEAM = T4XCCZPD7Z;
				INFOPLIST_FILE = FloodExplorer/Info.plist;
				IPHONEOS_DEPLOYMENT_TARGET = 10.0;
				LD_RUNPATH_SEARCH_PATHS = "$(inherited) @executable_path/Frameworks";
				NEW_SETTING = "";
				PRODUCT_BUNDLE_IDENTIFIER = floodexplorer.org.FloodExplorer;
				PRODUCT_NAME = "$(TARGET_NAME)";
				SWIFT_OBJC_BRIDGING_HEADER = "/Users/mgilge/Documents/cscd488/cscd489/iOS/FloodExplorer/FloodExplorer/FloodExplorer-Bridging-Header.h";
				SWIFT_VERSION = 4.0;
				TARGETED_DEVICE_FAMILY = "1,2";
			};
			name = Debug;
		};
		01A3B0F51FE848890036B6D1 /* Release */ = {
			isa = XCBuildConfiguration;
			baseConfigurationReference = FA7664E11AE933AA944C5A8D /* Pods-FloodExplorer.release.xcconfig */;
			buildSettings = {
				ASSETCATALOG_COMPILER_APPICON_NAME = AppIcon;
				BridgingHeader = "${SRCROOT}/BridgingHeader.h";
				CODE_SIGN_STYLE = Automatic;
				DEVELOPMENT_TEAM = T4XCCZPD7Z;
				INFOPLIST_FILE = FloodExplorer/Info.plist;
				IPHONEOS_DEPLOYMENT_TARGET = 10.0;
				LD_RUNPATH_SEARCH_PATHS = "$(inherited) @executable_path/Frameworks";
				NEW_SETTING = "";
				PRODUCT_BUNDLE_IDENTIFIER = floodexplorer.org.FloodExplorer;
				PRODUCT_NAME = "$(TARGET_NAME)";
				SWIFT_OBJC_BRIDGING_HEADER = "/Users/mgilge/Documents/cscd488/cscd489/iOS/FloodExplorer/FloodExplorer/FloodExplorer-Bridging-Header.h";
				SWIFT_VERSION = 4.0;
				TARGETED_DEVICE_FAMILY = "1,2";
			};
			name = Release;
		};
		01A3B0F71FE848890036B6D1 /* Debug */ = {
			isa = XCBuildConfiguration;
			baseConfigurationReference = 92FA6B6B7534E8F336FD1DB4 /* Pods-FloodExplorerTests.debug.xcconfig */;
			buildSettings = {
				ALWAYS_EMBED_SWIFT_STANDARD_LIBRARIES = YES;
				BUNDLE_LOADER = "$(TEST_HOST)";
				CODE_SIGN_STYLE = Automatic;
				INFOPLIST_FILE = FloodExplorerTests/Info.plist;
				LD_RUNPATH_SEARCH_PATHS = "$(inherited) @executable_path/Frameworks @loader_path/Frameworks";
				PRODUCT_BUNDLE_IDENTIFIER = floodexplorer.org.FloodExplorerTests;
				PRODUCT_NAME = "$(TARGET_NAME)";
				SWIFT_VERSION = 4.0;
				TARGETED_DEVICE_FAMILY = "1,2";
				TEST_HOST = "$(BUILT_PRODUCTS_DIR)/FloodExplorer.app/FloodExplorer";
			};
			name = Debug;
		};
		01A3B0F81FE848890036B6D1 /* Release */ = {
			isa = XCBuildConfiguration;
			baseConfigurationReference = 1020D3DF6E2378C1A2063158 /* Pods-FloodExplorerTests.release.xcconfig */;
			buildSettings = {
				ALWAYS_EMBED_SWIFT_STANDARD_LIBRARIES = YES;
				BUNDLE_LOADER = "$(TEST_HOST)";
				CODE_SIGN_STYLE = Automatic;
				INFOPLIST_FILE = FloodExplorerTests/Info.plist;
				LD_RUNPATH_SEARCH_PATHS = "$(inherited) @executable_path/Frameworks @loader_path/Frameworks";
				PRODUCT_BUNDLE_IDENTIFIER = floodexplorer.org.FloodExplorerTests;
				PRODUCT_NAME = "$(TARGET_NAME)";
				SWIFT_VERSION = 4.0;
				TARGETED_DEVICE_FAMILY = "1,2";
				TEST_HOST = "$(BUILT_PRODUCTS_DIR)/FloodExplorer.app/FloodExplorer";
			};
			name = Release;
		};
		01A3B0FA1FE848890036B6D1 /* Debug */ = {
			isa = XCBuildConfiguration;
			baseConfigurationReference = 66643795CCE032E427FF1F6A /* Pods-FloodExplorerUITests.debug.xcconfig */;
			buildSettings = {
				ALWAYS_EMBED_SWIFT_STANDARD_LIBRARIES = YES;
				CODE_SIGN_STYLE = Automatic;
				INFOPLIST_FILE = FloodExplorerUITests/Info.plist;
				LD_RUNPATH_SEARCH_PATHS = "$(inherited) @executable_path/Frameworks @loader_path/Frameworks";
				PRODUCT_BUNDLE_IDENTIFIER = floodexplorer.org.FloodExplorerUITests;
				PRODUCT_NAME = "$(TARGET_NAME)";
				SWIFT_VERSION = 4.0;
				TARGETED_DEVICE_FAMILY = "1,2";
				TEST_TARGET_NAME = FloodExplorer;
			};
			name = Debug;
		};
		01A3B0FB1FE848890036B6D1 /* Release */ = {
			isa = XCBuildConfiguration;
			baseConfigurationReference = EF7D52F097487C83DB5F449B /* Pods-FloodExplorerUITests.release.xcconfig */;
			buildSettings = {
				ALWAYS_EMBED_SWIFT_STANDARD_LIBRARIES = YES;
				CODE_SIGN_STYLE = Automatic;
				INFOPLIST_FILE = FloodExplorerUITests/Info.plist;
				LD_RUNPATH_SEARCH_PATHS = "$(inherited) @executable_path/Frameworks @loader_path/Frameworks";
				PRODUCT_BUNDLE_IDENTIFIER = floodexplorer.org.FloodExplorerUITests;
				PRODUCT_NAME = "$(TARGET_NAME)";
				SWIFT_VERSION = 4.0;
				TARGETED_DEVICE_FAMILY = "1,2";
				TEST_TARGET_NAME = FloodExplorer;
			};
			name = Release;
		};
/* End XCBuildConfiguration section */

/* Begin XCConfigurationList section */
		01A3B0C41FE848890036B6D1 /* Build configuration list for PBXProject "FloodExplorer" */ = {
			isa = XCConfigurationList;
			buildConfigurations = (
				01A3B0F11FE848890036B6D1 /* Debug */,
				01A3B0F21FE848890036B6D1 /* Release */,
			);
			defaultConfigurationIsVisible = 0;
			defaultConfigurationName = Release;
		};
		01A3B0F31FE848890036B6D1 /* Build configuration list for PBXNativeTarget "FloodExplorer" */ = {
			isa = XCConfigurationList;
			buildConfigurations = (
				01A3B0F41FE848890036B6D1 /* Debug */,
				01A3B0F51FE848890036B6D1 /* Release */,
			);
			defaultConfigurationIsVisible = 0;
			defaultConfigurationName = Release;
		};
		01A3B0F61FE848890036B6D1 /* Build configuration list for PBXNativeTarget "FloodExplorerTests" */ = {
			isa = XCConfigurationList;
			buildConfigurations = (
				01A3B0F71FE848890036B6D1 /* Debug */,
				01A3B0F81FE848890036B6D1 /* Release */,
			);
			defaultConfigurationIsVisible = 0;
			defaultConfigurationName = Release;
		};
		01A3B0F91FE848890036B6D1 /* Build configuration list for PBXNativeTarget "FloodExplorerUITests" */ = {
			isa = XCConfigurationList;
			buildConfigurations = (
				01A3B0FA1FE848890036B6D1 /* Debug */,
				01A3B0FB1FE848890036B6D1 /* Release */,
			);
			defaultConfigurationIsVisible = 0;
			defaultConfigurationName = Release;
		};
/* End XCConfigurationList section */
	};
	rootObject = 01A3B0C11FE848890036B6D1 /* Project object */;
}
